// !$*UTF8*$!
{
	archiveVersion = 1;
	classes = {
	};
	objectVersion = 50;
	objects = {

/* Begin PBXBuildFile section */
		6929673522F3F51100832C68 /* AddExerciseViewController.swift in Sources */ = {isa = PBXBuildFile; fileRef = 6929673422F3F51100832C68 /* AddExerciseViewController.swift */; };
		6929673B22F77A2900832C68 /* UIExtensions.swift in Sources */ = {isa = PBXBuildFile; fileRef = 6929673A22F77A2900832C68 /* UIExtensions.swift */; };
		6929673D22F77DC200832C68 /* CustomButton.swift in Sources */ = {isa = PBXBuildFile; fileRef = 6929673C22F77DC200832C68 /* CustomButton.swift */; };
		695D4BE322CB28B800E3FB1F /* AppDelegate.swift in Sources */ = {isa = PBXBuildFile; fileRef = 695D4BE222CB28B800E3FB1F /* AppDelegate.swift */; };
		695D4BE822CB28B800E3FB1F /* Main.storyboard in Resources */ = {isa = PBXBuildFile; fileRef = 695D4BE622CB28B800E3FB1F /* Main.storyboard */; };
		695D4BEA22CB28B800E3FB1F /* Assets.xcassets in Resources */ = {isa = PBXBuildFile; fileRef = 695D4BE922CB28B800E3FB1F /* Assets.xcassets */; };
		695D4BED22CB28B800E3FB1F /* LaunchScreen.storyboard in Resources */ = {isa = PBXBuildFile; fileRef = 695D4BEB22CB28B800E3FB1F /* LaunchScreen.storyboard */; };
		695D4BFD22D30AE900E3FB1F /* SessionsViewController.swift in Sources */ = {isa = PBXBuildFile; fileRef = 695D4BFC22D30AE900E3FB1F /* SessionsViewController.swift */; };
		695D4BFF22D30AFE00E3FB1F /* StopwatchViewController.swift in Sources */ = {isa = PBXBuildFile; fileRef = 695D4BFE22D30AFE00E3FB1F /* StopwatchViewController.swift */; };
		695D4C0122D30B1D00E3FB1F /* TabBarViewController.swift in Sources */ = {isa = PBXBuildFile; fileRef = 695D4C0022D30B1D00E3FB1F /* TabBarViewController.swift */; };
		695D4C0322D30CA300E3FB1F /* Layout.swift in Sources */ = {isa = PBXBuildFile; fileRef = 695D4C0222D30CA300E3FB1F /* Layout.swift */; };
		695D4C0522D4508C00E3FB1F /* SessionDataModel.swift.swift in Sources */ = {isa = PBXBuildFile; fileRef = 695D4C0422D4508C00E3FB1F /* SessionDataModel.swift.swift */; };
/* End PBXBuildFile section */

/* Begin PBXFileReference section */
		6929673422F3F51100832C68 /* AddExerciseViewController.swift */ = {isa = PBXFileReference; lastKnownFileType = sourcecode.swift; path = AddExerciseViewController.swift; sourceTree = "<group>"; };
		6929673A22F77A2900832C68 /* UIExtensions.swift */ = {isa = PBXFileReference; lastKnownFileType = sourcecode.swift; path = UIExtensions.swift; sourceTree = "<group>"; };
		6929673C22F77DC200832C68 /* CustomButton.swift */ = {isa = PBXFileReference; lastKnownFileType = sourcecode.swift; path = CustomButton.swift; sourceTree = "<group>"; };
		695D4BDF22CB28B800E3FB1F /* Gymbo.app */ = {isa = PBXFileReference; explicitFileType = wrapper.application; includeInIndex = 0; path = Gymbo.app; sourceTree = BUILT_PRODUCTS_DIR; };
		695D4BE222CB28B800E3FB1F /* AppDelegate.swift */ = {isa = PBXFileReference; lastKnownFileType = sourcecode.swift; path = AppDelegate.swift; sourceTree = "<group>"; };
		695D4BE722CB28B800E3FB1F /* Base */ = {isa = PBXFileReference; lastKnownFileType = file.storyboard; name = Base; path = Base.lproj/Main.storyboard; sourceTree = "<group>"; };
		695D4BE922CB28B800E3FB1F /* Assets.xcassets */ = {isa = PBXFileReference; lastKnownFileType = folder.assetcatalog; path = Assets.xcassets; sourceTree = "<group>"; };
		695D4BEC22CB28B800E3FB1F /* Base */ = {isa = PBXFileReference; lastKnownFileType = file.storyboard; name = Base; path = Base.lproj/LaunchScreen.storyboard; sourceTree = "<group>"; };
		695D4BEE22CB28B800E3FB1F /* Info.plist */ = {isa = PBXFileReference; lastKnownFileType = text.plist.xml; path = Info.plist; sourceTree = "<group>"; };
		695D4BFC22D30AE900E3FB1F /* SessionsViewController.swift */ = {isa = PBXFileReference; lastKnownFileType = sourcecode.swift; path = SessionsViewController.swift; sourceTree = "<group>"; };
		695D4BFE22D30AFE00E3FB1F /* StopwatchViewController.swift */ = {isa = PBXFileReference; lastKnownFileType = sourcecode.swift; path = StopwatchViewController.swift; sourceTree = "<group>"; };
		695D4C0022D30B1D00E3FB1F /* TabBarViewController.swift */ = {isa = PBXFileReference; lastKnownFileType = sourcecode.swift; path = TabBarViewController.swift; sourceTree = "<group>"; };
		695D4C0222D30CA300E3FB1F /* Layout.swift */ = {isa = PBXFileReference; lastKnownFileType = sourcecode.swift; path = Layout.swift; sourceTree = "<group>"; };
		695D4C0422D4508C00E3FB1F /* SessionDataModel.swift.swift */ = {isa = PBXFileReference; lastKnownFileType = sourcecode.swift; path = SessionDataModel.swift.swift; sourceTree = "<group>"; };
/* End PBXFileReference section */

/* Begin PBXFrameworksBuildPhase section */
		695D4BDC22CB28B800E3FB1F /* Frameworks */ = {
			isa = PBXFrameworksBuildPhase;
			buildActionMask = 2147483647;
			files = (
			);
			runOnlyForDeploymentPostprocessing = 0;
		};
/* End PBXFrameworksBuildPhase section */

/* Begin PBXGroup section */
		695D4BD622CB28B800E3FB1F = {
			isa = PBXGroup;
			children = (
				695D4BE122CB28B800E3FB1F /* Gymbo */,
				695D4BE022CB28B800E3FB1F /* Products */,
			);
			sourceTree = "<group>";
		};
		695D4BE022CB28B800E3FB1F /* Products */ = {
			isa = PBXGroup;
			children = (
				695D4BDF22CB28B800E3FB1F /* Gymbo.app */,
			);
			name = Products;
			sourceTree = "<group>";
		};
		695D4BE122CB28B800E3FB1F /* Gymbo */ = {
			isa = PBXGroup;
			children = (
				695D4BE222CB28B800E3FB1F /* AppDelegate.swift */,
				695D4C0722D450A800E3FB1F /* Main ViewControllers */,
				6929673422F3F51100832C68 /* AddExerciseViewController.swift */,
				695D4C0822D450CD00E3FB1F /* Helpers */,
				695D4BE622CB28B800E3FB1F /* Main.storyboard */,
				695D4BEB22CB28B800E3FB1F /* LaunchScreen.storyboard */,
				695D4BE922CB28B800E3FB1F /* Assets.xcassets */,
				695D4BEE22CB28B800E3FB1F /* Info.plist */,
			);
			path = Gymbo;
			sourceTree = "<group>";
		};
		695D4C0722D450A800E3FB1F /* Main ViewControllers */ = {
			isa = PBXGroup;
			children = (
				695D4C0022D30B1D00E3FB1F /* TabBarViewController.swift */,
				695D4BFC22D30AE900E3FB1F /* SessionsViewController.swift */,
				695D4BFE22D30AFE00E3FB1F /* StopwatchViewController.swift */,
			);
			path = "Main ViewControllers";
			sourceTree = "<group>";
		};
		695D4C0822D450CD00E3FB1F /* Helpers */ = {
			isa = PBXGroup;
			children = (
				6929673C22F77DC200832C68 /* CustomButton.swift */,
				695D4C0222D30CA300E3FB1F /* Layout.swift */,
				695D4C0422D4508C00E3FB1F /* SessionDataModel.swift.swift */,
				6929673A22F77A2900832C68 /* UIExtensions.swift */,
			);
			name = Helpers;
			sourceTree = "<group>";
		};
/* End PBXGroup section */

/* Begin PBXNativeTarget section */
		695D4BDE22CB28B800E3FB1F /* Gymbo */ = {
			isa = PBXNativeTarget;
			buildConfigurationList = 695D4BF122CB28B800E3FB1F /* Build configuration list for PBXNativeTarget "Gymbo" */;
			buildPhases = (
				695D4BDB22CB28B800E3FB1F /* Sources */,
				695D4BDC22CB28B800E3FB1F /* Frameworks */,
				695D4BDD22CB28B800E3FB1F /* Resources */,
			);
			buildRules = (
			);
			dependencies = (
			);
			name = Gymbo;
			productName = Gymbo;
			productReference = 695D4BDF22CB28B800E3FB1F /* Gymbo.app */;
			productType = "com.apple.product-type.application";
		};
/* End PBXNativeTarget section */

/* Begin PBXProject section */
		695D4BD722CB28B800E3FB1F /* Project object */ = {
			isa = PBXProject;
			attributes = {
				LastSwiftUpdateCheck = 1020;
				LastUpgradeCheck = 1020;
				ORGANIZATIONNAME = "Rohan Sharma";
				TargetAttributes = {
					695D4BDE22CB28B800E3FB1F = {
						CreatedOnToolsVersion = 10.2.1;
					};
				};
			};
			buildConfigurationList = 695D4BDA22CB28B800E3FB1F /* Build configuration list for PBXProject "Gymbo" */;
			compatibilityVersion = "Xcode 9.3";
			developmentRegion = en;
			hasScannedForEncodings = 0;
			knownRegions = (
				en,
				Base,
			);
			mainGroup = 695D4BD622CB28B800E3FB1F;
			productRefGroup = 695D4BE022CB28B800E3FB1F /* Products */;
			projectDirPath = "";
			projectRoot = "";
			targets = (
				695D4BDE22CB28B800E3FB1F /* Gymbo */,
			);
		};
/* End PBXProject section */

/* Begin PBXResourcesBuildPhase section */
		695D4BDD22CB28B800E3FB1F /* Resources */ = {
			isa = PBXResourcesBuildPhase;
			buildActionMask = 2147483647;
			files = (
				695D4BED22CB28B800E3FB1F /* LaunchScreen.storyboard in Resources */,
				695D4BEA22CB28B800E3FB1F /* Assets.xcassets in Resources */,
				695D4BE822CB28B800E3FB1F /* Main.storyboard in Resources */,
			);
			runOnlyForDeploymentPostprocessing = 0;
		};
/* End PBXResourcesBuildPhase section */

/* Begin PBXSourcesBuildPhase section */
		695D4BDB22CB28B800E3FB1F /* Sources */ = {
			isa = PBXSourcesBuildPhase;
			buildActionMask = 2147483647;
			files = (
				695D4C0122D30B1D00E3FB1F /* TabBarViewController.swift in Sources */,
				695D4BFF22D30AFE00E3FB1F /* StopwatchViewController.swift in Sources */,
				6929673D22F77DC200832C68 /* CustomButton.swift in Sources */,
				695D4C0322D30CA300E3FB1F /* Layout.swift in Sources */,
				6929673B22F77A2900832C68 /* UIExtensions.swift in Sources */,
				6929673522F3F51100832C68 /* AddExerciseViewController.swift in Sources */,
				695D4BE322CB28B800E3FB1F /* AppDelegate.swift in Sources */,
				695D4C0522D4508C00E3FB1F /* SessionDataModel.swift.swift in Sources */,
				695D4BFD22D30AE900E3FB1F /* SessionsViewController.swift in Sources */,
			);
			runOnlyForDeploymentPostprocessing = 0;
		};
/* End PBXSourcesBuildPhase section */

/* Begin PBXVariantGroup section */
		695D4BE622CB28B800E3FB1F /* Main.storyboard */ = {
			isa = PBXVariantGroup;
			children = (
				695D4BE722CB28B800E3FB1F /* Base */,
			);
			name = Main.storyboard;
			sourceTree = "<group>";
		};
		695D4BEB22CB28B800E3FB1F /* LaunchScreen.storyboard */ = {
			isa = PBXVariantGroup;
			children = (
				695D4BEC22CB28B800E3FB1F /* Base */,
			);
			name = LaunchScreen.storyboard;
			sourceTree = "<group>";
		};
/* End PBXVariantGroup section */

/* Begin XCBuildConfiguration section */
		695D4BEF22CB28B800E3FB1F /* Debug */ = {
			isa = XCBuildConfiguration;
			buildSettings = {
				ALWAYS_SEARCH_USER_PATHS = NO;
				CLANG_ANALYZER_NONNULL = YES;
				CLANG_ANALYZER_NUMBER_OBJECT_CONVERSION = YES_AGGRESSIVE;
				CLANG_CXX_LANGUAGE_STANDARD = "gnu++14";
				CLANG_CXX_LIBRARY = "libc++";
				CLANG_ENABLE_MODULES = YES;
				CLANG_ENABLE_OBJC_ARC = YES;
				CLANG_ENABLE_OBJC_WEAK = YES;
				CLANG_WARN_BLOCK_CAPTURE_AUTORELEASING = YES;
				CLANG_WARN_BOOL_CONVERSION = YES;
				CLANG_WARN_COMMA = YES;
				CLANG_WARN_CONSTANT_CONVERSION = YES;
				CLANG_WARN_DEPRECATED_OBJC_IMPLEMENTATIONS = YES;
				CLANG_WARN_DIRECT_OBJC_ISA_USAGE = YES_ERROR;
				CLANG_WARN_DOCUMENTATION_COMMENTS = YES;
				CLANG_WARN_EMPTY_BODY = YES;
				CLANG_WARN_ENUM_CONVERSION = YES;
				CLANG_WARN_INFINITE_RECURSION = YES;
				CLANG_WARN_INT_CONVERSION = YES;
				CLANG_WARN_NON_LITERAL_NULL_CONVERSION = YES;
				CLANG_WARN_OBJC_IMPLICIT_RETAIN_SELF = YES;
				CLANG_WARN_OBJC_LITERAL_CONVERSION = YES;
				CLANG_WARN_OBJC_ROOT_CLASS = YES_ERROR;
				CLANG_WARN_RANGE_LOOP_ANALYSIS = YES;
				CLANG_WARN_STRICT_PROTOTYPES = YES;
				CLANG_WARN_SUSPICIOUS_MOVE = YES;
				CLANG_WARN_UNGUARDED_AVAILABILITY = YES_AGGRESSIVE;
				CLANG_WARN_UNREACHABLE_CODE = YES;
				CLANG_WARN__DUPLICATE_METHOD_MATCH = YES;
				CODE_SIGN_IDENTITY = "iPhone Developer";
				COPY_PHASE_STRIP = NO;
				DEBUG_INFORMATION_FORMAT = dwarf;
				ENABLE_STRICT_OBJC_MSGSEND = YES;
				ENABLE_TESTABILITY = YES;
				GCC_C_LANGUAGE_STANDARD = gnu11;
				GCC_DYNAMIC_NO_PIC = NO;
				GCC_NO_COMMON_BLOCKS = YES;
				GCC_OPTIMIZATION_LEVEL = 0;
				GCC_PREPROCESSOR_DEFINITIONS = (
					"DEBUG=1",
					"$(inherited)",
				);
				GCC_WARN_64_TO_32_BIT_CONVERSION = YES;
				GCC_WARN_ABOUT_RETURN_TYPE = YES_ERROR;
				GCC_WARN_UNDECLARED_SELECTOR = YES;
				GCC_WARN_UNINITIALIZED_AUTOS = YES_AGGRESSIVE;
				GCC_WARN_UNUSED_FUNCTION = YES;
				GCC_WARN_UNUSED_VARIABLE = YES;
				IPHONEOS_DEPLOYMENT_TARGET = 12.2;
				MTL_ENABLE_DEBUG_INFO = INCLUDE_SOURCE;
				MTL_FAST_MATH = YES;
				ONLY_ACTIVE_ARCH = YES;
				SDKROOT = iphoneos;
				SWIFT_ACTIVE_COMPILATION_CONDITIONS = DEBUG;
				SWIFT_OPTIMIZATION_LEVEL = "-Onone";
			};
			name = Debug;
		};
		695D4BF022CB28B800E3FB1F /* Release */ = {
			isa = XCBuildConfiguration;
			buildSettings = {
				ALWAYS_SEARCH_USER_PATHS = NO;
				CLANG_ANALYZER_NONNULL = YES;
				CLANG_ANALYZER_NUMBER_OBJECT_CONVERSION = YES_AGGRESSIVE;
				CLANG_CXX_LANGUAGE_STANDARD = "gnu++14";
				CLANG_CXX_LIBRARY = "libc++";
				CLANG_ENABLE_MODULES = YES;
				CLANG_ENABLE_OBJC_ARC = YES;
				CLANG_ENABLE_OBJC_WEAK = YES;
				CLANG_WARN_BLOCK_CAPTURE_AUTORELEASING = YES;
				CLANG_WARN_BOOL_CONVERSION = YES;
				CLANG_WARN_COMMA = YES;
				CLANG_WARN_CONSTANT_CONVERSION = YES;
				CLANG_WARN_DEPRECATED_OBJC_IMPLEMENTATIONS = YES;
				CLANG_WARN_DIRECT_OBJC_ISA_USAGE = YES_ERROR;
				CLANG_WARN_DOCUMENTATION_COMMENTS = YES;
				CLANG_WARN_EMPTY_BODY = YES;
				CLANG_WARN_ENUM_CONVERSION = YES;
				CLANG_WARN_INFINITE_RECURSION = YES;
				CLANG_WARN_INT_CONVERSION = YES;
				CLANG_WARN_NON_LITERAL_NULL_CONVERSION = YES;
				CLANG_WARN_OBJC_IMPLICIT_RETAIN_SELF = YES;
				CLANG_WARN_OBJC_LITERAL_CONVERSION = YES;
				CLANG_WARN_OBJC_ROOT_CLASS = YES_ERROR;
				CLANG_WARN_RANGE_LOOP_ANALYSIS = YES;
				CLANG_WARN_STRICT_PROTOTYPES = YES;
				CLANG_WARN_SUSPICIOUS_MOVE = YES;
				CLANG_WARN_UNGUARDED_AVAILABILITY = YES_AGGRESSIVE;
				CLANG_WARN_UNREACHABLE_CODE = YES;
				CLANG_WARN__DUPLICATE_METHOD_MATCH = YES;
				CODE_SIGN_IDENTITY = "iPhone Developer";
				COPY_PHASE_STRIP = NO;
				DEBUG_INFORMATION_FORMAT = "dwarf-with-dsym";
				ENABLE_NS_ASSERTIONS = NO;
				ENABLE_STRICT_OBJC_MSGSEND = YES;
				GCC_C_LANGUAGE_STANDARD = gnu11;
				GCC_NO_COMMON_BLOCKS = YES;
				GCC_WARN_64_TO_32_BIT_CONVERSION = YES;
				GCC_WARN_ABOUT_RETURN_TYPE = YES_ERROR;
				GCC_WARN_UNDECLARED_SELECTOR = YES;
				GCC_WARN_UNINITIALIZED_AUTOS = YES_AGGRESSIVE;
				GCC_WARN_UNUSED_FUNCTION = YES;
				GCC_WARN_UNUSED_VARIABLE = YES;
				IPHONEOS_DEPLOYMENT_TARGET = 12.2;
				MTL_ENABLE_DEBUG_INFO = NO;
				MTL_FAST_MATH = YES;
				SDKROOT = iphoneos;
				SWIFT_COMPILATION_MODE = wholemodule;
				SWIFT_OPTIMIZATION_LEVEL = "-O";
				VALIDATE_PRODUCT = YES;
			};
			name = Release;
		};
		695D4BF222CB28B800E3FB1F /* Debug */ = {
			isa = XCBuildConfiguration;
			buildSettings = {
				ASSETCATALOG_COMPILER_APPICON_NAME = AppIcon;
				CODE_SIGN_STYLE = Automatic;
				DEVELOPMENT_TEAM = W3TQD9VLAQ;
				INFOPLIST_FILE = Gymbo/Info.plist;
				IPHONEOS_DEPLOYMENT_TARGET = 11.0;
				LD_RUNPATH_SEARCH_PATHS = (
					"$(inherited)",
					"@executable_path/Frameworks",
				);
				PRODUCT_BUNDLE_IDENTIFIER = "Rohan-Sharma.Gymbo";
				PRODUCT_NAME = "$(TARGET_NAME)";
				SWIFT_VERSION = 5.0;
				TARGETED_DEVICE_FAMILY = "1,2";
			};
			name = Debug;
		};
		695D4BF322CB28B800E3FB1F /* Release */ = {
			isa = XCBuildConfiguration;
			buildSettings = {
				ASSETCATALOG_COMPILER_APPICON_NAME = AppIcon;
				CODE_SIGN_STYLE = Automatic;
				DEVELOPMENT_TEAM = W3TQD9VLAQ;
				INFOPLIST_FILE = Gymbo/Info.plist;
				IPHONEOS_DEPLOYMENT_TARGET = 11.0;
				LD_RUNPATH_SEARCH_PATHS = (
					"$(inherited)",
					"@executable_path/Frameworks",
				);
				PRODUCT_BUNDLE_IDENTIFIER = "Rohan-Sharma.Gymbo";
				PRODUCT_NAME = "$(TARGET_NAME)";
				SWIFT_VERSION = 5.0;
				TARGETED_DEVICE_FAMILY = "1,2";
			};
			name = Release;
		};
/* End XCBuildConfiguration section */

/* Begin XCConfigurationList section */
		695D4BDA22CB28B800E3FB1F /* Build configuration list for PBXProject "Gymbo" */ = {
			isa = XCConfigurationList;
			buildConfigurations = (
				695D4BEF22CB28B800E3FB1F /* Debug */,
				695D4BF022CB28B800E3FB1F /* Release */,
			);
			defaultConfigurationIsVisible = 0;
			defaultConfigurationName = Release;
		};
		695D4BF122CB28B800E3FB1F /* Build configuration list for PBXNativeTarget "Gymbo" */ = {
			isa = XCConfigurationList;
			buildConfigurations = (
				695D4BF222CB28B800E3FB1F /* Debug */,
				695D4BF322CB28B800E3FB1F /* Release */,
			);
			defaultConfigurationIsVisible = 0;
			defaultConfigurationName = Release;
		};
/* End XCConfigurationList section */
	};
	rootObject = 695D4BD722CB28B800E3FB1F /* Project object */;
}
