// !$*UTF8*$!
{
	archiveVersion = 1;
	classes = {
	};
	objectVersion = 51;
	objects = {

/* Begin PBXBuildFile section */
		6901E4772387B4DC0051D1B2 /* SessionHeaderView.swift in Sources */ = {isa = PBXBuildFile; fileRef = 6901E4762387B4DC0051D1B2 /* SessionHeaderView.swift */; };
		690B5693244804ED00E9CB93 /* StopwatchTableViewCell.swift in Sources */ = {isa = PBXBuildFile; fileRef = 690B5692244804ED00E9CB93 /* StopwatchTableViewCell.swift */; };
		691054E8234301DD00E306F1 /* SessionsCollectionViewCell.swift in Sources */ = {isa = PBXBuildFile; fileRef = 691054E6234301DD00E306F1 /* SessionsCollectionViewCell.swift */; };
		691D5F4D23D0272200DB9D4E /* CircleProgressView.swift in Sources */ = {isa = PBXBuildFile; fileRef = 691D5F4C23D0272200DB9D4E /* CircleProgressView.swift */; };
		6929673D22F77DC200832C68 /* CustomButton.swift in Sources */ = {isa = PBXBuildFile; fileRef = 6929673C22F77DC200832C68 /* CustomButton.swift */; };
		692D982222FE9E890032514D /* ExerciseDetailTableViewCell.swift in Sources */ = {isa = PBXBuildFile; fileRef = 692D982022FE9E890032514D /* ExerciseDetailTableViewCell.swift */; };
		693E45D5237D1BF400ED8EC1 /* SessionPreviewViewController.swift in Sources */ = {isa = PBXBuildFile; fileRef = 693E45D4237D1BF400ED8EC1 /* SessionPreviewViewController.swift */; };
		69477B7E2454F73000FB6F73 /* ExerciseTableViewCell.swift in Sources */ = {isa = PBXBuildFile; fileRef = 69477B7D2454F72F00FB6F73 /* ExerciseTableViewCell.swift */; };
		69488E1D236F82D000C3A04C /* CreateEditSessionTableViewController.swift in Sources */ = {isa = PBXBuildFile; fileRef = 69488E1C236F82D000C3A04C /* CreateEditSessionTableViewController.swift */; };
		695070932497522400942078 /* Session.swift in Sources */ = {isa = PBXBuildFile; fileRef = 695070922497522400942078 /* Session.swift */; };
		695070952497525E00942078 /* SessionsList.swift in Sources */ = {isa = PBXBuildFile; fileRef = 695070942497525E00942078 /* SessionsList.swift */; };
		695070972497528200942078 /* Exercise.swift in Sources */ = {isa = PBXBuildFile; fileRef = 695070962497528200942078 /* Exercise.swift */; };
		69507099249752A300942078 /* ExercisesList.swift in Sources */ = {isa = PBXBuildFile; fileRef = 69507098249752A300942078 /* ExercisesList.swift */; };
		6950709B249752B900942078 /* ExerciseDetails.swift in Sources */ = {isa = PBXBuildFile; fileRef = 6950709A249752B900942078 /* ExerciseDetails.swift */; };
		6956292D234463EF00E0AA96 /* ModalPresentationController.swift in Sources */ = {isa = PBXBuildFile; fileRef = 6956292C234463EF00E0AA96 /* ModalPresentationController.swift */; };
		6957605024BED49100A97F09 /* WeightType.swift in Sources */ = {isa = PBXBuildFile; fileRef = 6957604F24BED49100A97F09 /* WeightType.swift */; };
		695D4BE322CB28B800E3FB1F /* AppDelegate.swift in Sources */ = {isa = PBXBuildFile; fileRef = 695D4BE222CB28B800E3FB1F /* AppDelegate.swift */; };
		695D4BEA22CB28B800E3FB1F /* Assets.xcassets in Resources */ = {isa = PBXBuildFile; fileRef = 695D4BE922CB28B800E3FB1F /* Assets.xcassets */; };
		695D4BED22CB28B800E3FB1F /* LaunchScreen.storyboard in Resources */ = {isa = PBXBuildFile; fileRef = 695D4BEB22CB28B800E3FB1F /* LaunchScreen.storyboard */; };
		695D4BFF22D30AFE00E3FB1F /* StopwatchViewController.swift in Sources */ = {isa = PBXBuildFile; fileRef = 695D4BFE22D30AFE00E3FB1F /* StopwatchViewController.swift */; };
		695D4C0122D30B1D00E3FB1F /* MainTabBarController.swift in Sources */ = {isa = PBXBuildFile; fileRef = 695D4C0022D30B1D00E3FB1F /* MainTabBarController.swift */; };
		695D4C0522D4508C00E3FB1F /* SessionDataModel.swift in Sources */ = {isa = PBXBuildFile; fileRef = 695D4C0422D4508C00E3FB1F /* SessionDataModel.swift */; };
		695E66B424C52E90004C06A4 /* TwoLabelsTableViewCell.swift in Sources */ = {isa = PBXBuildFile; fileRef = 695E66B324C52E90004C06A4 /* TwoLabelsTableViewCell.swift */; };
		69629461235D592000E681C7 /* Abs.txt in Resources */ = {isa = PBXBuildFile; fileRef = 69629460235D592000E681C7 /* Abs.txt */; };
		6962946A235D594000E681C7 /* Back.txt in Resources */ = {isa = PBXBuildFile; fileRef = 69629462235D593F00E681C7 /* Back.txt */; };
		6962946B235D594000E681C7 /* Arms.txt in Resources */ = {isa = PBXBuildFile; fileRef = 69629463235D593F00E681C7 /* Arms.txt */; };
		6962946C235D594000E681C7 /* Shoulders.txt in Resources */ = {isa = PBXBuildFile; fileRef = 69629464235D593F00E681C7 /* Shoulders.txt */; };
		6962946D235D594000E681C7 /* Other.txt in Resources */ = {isa = PBXBuildFile; fileRef = 69629465235D593F00E681C7 /* Other.txt */; };
		6962946E235D594000E681C7 /* Legs.txt in Resources */ = {isa = PBXBuildFile; fileRef = 69629466235D593F00E681C7 /* Legs.txt */; };
		6962946F235D594000E681C7 /* Chest.txt in Resources */ = {isa = PBXBuildFile; fileRef = 69629467235D593F00E681C7 /* Chest.txt */; };
		69629470235D594000E681C7 /* Glutes.txt in Resources */ = {isa = PBXBuildFile; fileRef = 69629468235D594000E681C7 /* Glutes.txt */; };
		69629471235D594000E681C7 /* Hips.txt in Resources */ = {isa = PBXBuildFile; fileRef = 69629469235D594000E681C7 /* Hips.txt */; };
		6962F35E244410AA00CB6DAE /* SessionsCollectionViewController.swift in Sources */ = {isa = PBXBuildFile; fileRef = 6962F35D244410AA00CB6DAE /* SessionsCollectionViewController.swift */; };
		6963D8B024961990003A359C /* ExercisesHeaderFooterView.swift in Sources */ = {isa = PBXBuildFile; fileRef = 6963D8AF24961990003A359C /* ExercisesHeaderFooterView.swift */; };
		69659C0924039C680054F655 /* AlertViewController.swift in Sources */ = {isa = PBXBuildFile; fileRef = 69659C0724039C680054F655 /* AlertViewController.swift */; };
		69693CE5247D012A00E87133 /* ImagesTableViewCell.swift in Sources */ = {isa = PBXBuildFile; fileRef = 69693CE4247D012A00E87133 /* ImagesTableViewCell.swift */; };
		69693CE9247D07CF00E87133 /* SelectionCollectionViewCell.swift in Sources */ = {isa = PBXBuildFile; fileRef = 69693CE8247D07CE00E87133 /* SelectionCollectionViewCell.swift */; };
		69693CEB247D087A00E87133 /* MultipleSelectionTableViewCell.swift in Sources */ = {isa = PBXBuildFile; fileRef = 69693CEA247D087A00E87133 /* MultipleSelectionTableViewCell.swift */; };
		69693CED247DF30300E87133 /* LabelTableViewCell.swift in Sources */ = {isa = PBXBuildFile; fileRef = 69693CEC247DF30300E87133 /* LabelTableViewCell.swift */; };
		69695699245013C3007FADC2 /* StartSessionTableViewController.swift in Sources */ = {isa = PBXBuildFile; fileRef = 69695698245013C3007FADC2 /* StartSessionTableViewController.swift */; };
		6972E3C5249F1F2700479E91 /* KeyboardObserving.swift in Sources */ = {isa = PBXBuildFile; fileRef = 6972E3C4249F1F2700479E91 /* KeyboardObserving.swift */; };
		6972E3C7249F1F5C00479E91 /* ApplicationStateObserving.swift in Sources */ = {isa = PBXBuildFile; fileRef = 6972E3C6249F1F5C00479E91 /* ApplicationStateObserving.swift */; };
		6972E3C9249F1F8900479E91 /* SessionProgressObserving.swift in Sources */ = {isa = PBXBuildFile; fileRef = 6972E3C8249F1F8900479E91 /* SessionProgressObserving.swift */; };
		6972E3CB249F1FB200479E91 /* SessionStateConstraintsUpdating.swift in Sources */ = {isa = PBXBuildFile; fileRef = 6972E3CA249F1FB200479E91 /* SessionStateConstraintsUpdating.swift */; };
		6972E3CD249F1FC600479E91 /* ViewAdding.swift in Sources */ = {isa = PBXBuildFile; fileRef = 6972E3CC249F1FC600479E91 /* ViewAdding.swift */; };
		6972E3CF249F1FE600479E91 /* DimmedViewDelegate.swift in Sources */ = {isa = PBXBuildFile; fileRef = 6972E3CE249F1FE600479E91 /* DimmedViewDelegate.swift */; };
		6972E3D2249F209900479E91 /* Int+Extension.swift in Sources */ = {isa = PBXBuildFile; fileRef = 6972E3D1249F209900479E91 /* Int+Extension.swift */; };
		6972E3D8249F213900479E91 /* String+Extension.swift in Sources */ = {isa = PBXBuildFile; fileRef = 6972E3D7249F213900479E91 /* String+Extension.swift */; };
		6972E3DA249F215400479E91 /* Notification+Extension.swift in Sources */ = {isa = PBXBuildFile; fileRef = 6972E3D9249F215400479E91 /* Notification+Extension.swift */; };
		6972E3DD249F21E700479E91 /* UIView+Extension.swift in Sources */ = {isa = PBXBuildFile; fileRef = 6972E3DC249F21E700479E91 /* UIView+Extension.swift */; };
		6972E3DF249F223000479E91 /* CALayer+Extension.swift in Sources */ = {isa = PBXBuildFile; fileRef = 6972E3DE249F223000479E91 /* CALayer+Extension.swift */; };
		6972E3E1249F225200479E91 /* UIViewController+Extension.swift in Sources */ = {isa = PBXBuildFile; fileRef = 6972E3E0249F225200479E91 /* UIViewController+Extension.swift */; };
		6972E3E3249F22B100479E91 /* UITableView+Extension.swift in Sources */ = {isa = PBXBuildFile; fileRef = 6972E3E2249F22B100479E91 /* UITableView+Extension.swift */; };
		6972E3E5249F22C500479E91 /* UICollectionView+Extension.swift in Sources */ = {isa = PBXBuildFile; fileRef = 6972E3E4249F22C500479E91 /* UICollectionView+Extension.swift */; };
		6972E3E7249F22E600479E91 /* CGFloat+Extension.swift in Sources */ = {isa = PBXBuildFile; fileRef = 6972E3E6249F22E600479E91 /* CGFloat+Extension.swift */; };
		6972E3E9249F22FF00479E91 /* UIFont+Extension.swift in Sources */ = {isa = PBXBuildFile; fileRef = 6972E3E8249F22FF00479E91 /* UIFont+Extension.swift */; };
		6972E3EC249F236700479E91 /* ShadowDirection.swift in Sources */ = {isa = PBXBuildFile; fileRef = 6972E3EB249F236700479E91 /* ShadowDirection.swift */; };
		6972E3EE249F237C00479E91 /* CornerStyle.swift in Sources */ = {isa = PBXBuildFile; fileRef = 6972E3ED249F237C00479E91 /* CornerStyle.swift */; };
		6972E3F0249F244200479E91 /* PresentationStyle.swift in Sources */ = {isa = PBXBuildFile; fileRef = 6972E3EF249F244200479E91 /* PresentationStyle.swift */; };
		6972E3F2249F246E00479E91 /* ExerciseState.swift in Sources */ = {isa = PBXBuildFile; fileRef = 6972E3F1249F246E00479E91 /* ExerciseState.swift */; };
		6972E3F4249F24A800479E91 /* SessionState.swift in Sources */ = {isa = PBXBuildFile; fileRef = 6972E3F3249F24A800479E91 /* SessionState.swift */; };
		6972E3F6249F24DD00479E91 /* ButtonFunction.swift in Sources */ = {isa = PBXBuildFile; fileRef = 6972E3F5249F24DD00479E91 /* ButtonFunction.swift */; };
		6972E3F8249F254800479E91 /* ImageType.swift in Sources */ = {isa = PBXBuildFile; fileRef = 6972E3F7249F254800479E91 /* ImageType.swift */; };
		6972E3FA249F257700479E91 /* TextFieldType.swift in Sources */ = {isa = PBXBuildFile; fileRef = 6972E3F9249F257700479E91 /* TextFieldType.swift */; };
		6972E3FC249F25A100479E91 /* Transform.swift in Sources */ = {isa = PBXBuildFile; fileRef = 6972E3FB249F25A100479E91 /* Transform.swift */; };
		6972E3FE249F268500479E91 /* SessionProgressDelegate.swift in Sources */ = {isa = PBXBuildFile; fileRef = 6972E3FD249F268500479E91 /* SessionProgressDelegate.swift */; };
		6972E400249F26D100479E91 /* SetAlphaDelegate.swift in Sources */ = {isa = PBXBuildFile; fileRef = 6972E3FF249F26D100479E91 /* SetAlphaDelegate.swift */; };
		6972E402249F26E700479E91 /* ExercisesDelegate.swift in Sources */ = {isa = PBXBuildFile; fileRef = 6972E401249F26E700479E91 /* ExercisesDelegate.swift */; };
		6972E404249F273F00479E91 /* RestTimerDelegate.swift in Sources */ = {isa = PBXBuildFile; fileRef = 6972E403249F273F00479E91 /* RestTimerDelegate.swift */; };
		6972E406249F276A00479E91 /* UpdateDelegate.swift in Sources */ = {isa = PBXBuildFile; fileRef = 6972E405249F276A00479E91 /* UpdateDelegate.swift */; };
		6972E408249F288100479E91 /* ImagesTableViewCellDelegate.swift in Sources */ = {isa = PBXBuildFile; fileRef = 6972E407249F288100479E91 /* ImagesTableViewCellDelegate.swift */; };
		6972E40A249F28AB00479E91 /* ButtonTableViewCellDelegate.swift in Sources */ = {isa = PBXBuildFile; fileRef = 6972E409249F28AB00479E91 /* ButtonTableViewCellDelegate.swift */; };
		6972E40C249F28DE00479E91 /* ExerciseTableViewCellDelegate.swift in Sources */ = {isa = PBXBuildFile; fileRef = 6972E40B249F28DE00479E91 /* ExerciseTableViewCellDelegate.swift */; };
		6972E40F249F29AC00479E91 /* ExerciseDetailTableViewCellModel.swift in Sources */ = {isa = PBXBuildFile; fileRef = 6972E40E249F29AC00479E91 /* ExerciseDetailTableViewCellModel.swift */; };
		6972E411249F29E100479E91 /* ExerciseHeaderCellDelegate.swift in Sources */ = {isa = PBXBuildFile; fileRef = 6972E410249F29E100479E91 /* ExerciseHeaderCellDelegate.swift */; };
		6972E413249F2A0000479E91 /* ExerciseHeaderTableViewCellModel.swift in Sources */ = {isa = PBXBuildFile; fileRef = 6972E412249F2A0000479E91 /* ExerciseHeaderTableViewCellModel.swift */; };
		6972E415249F2A7400479E91 /* MultipleSelectionTableViewCellDelegate.swift in Sources */ = {isa = PBXBuildFile; fileRef = 6972E414249F2A7400479E91 /* MultipleSelectionTableViewCellDelegate.swift */; };
		6972E417249F2A9D00479E91 /* SessionsCollectionViewCellDelegate.swift in Sources */ = {isa = PBXBuildFile; fileRef = 6972E416249F2A9D00479E91 /* SessionsCollectionViewCellDelegate.swift */; };
		6972E419249F2ABC00479E91 /* SessionsCollectionViewCellModel.swift in Sources */ = {isa = PBXBuildFile; fileRef = 6972E418249F2ABC00479E91 /* SessionsCollectionViewCellModel.swift */; };
		6972E41B249F2AF800479E91 /* TextFieldTableViewCellDelegate.swift in Sources */ = {isa = PBXBuildFile; fileRef = 6972E41A249F2AF800479E91 /* TextFieldTableViewCellDelegate.swift */; };
		6972E41D249F2B5600479E91 /* TextViewTableViewCellDelegate.swift in Sources */ = {isa = PBXBuildFile; fileRef = 6972E41C249F2B5600479E91 /* TextViewTableViewCellDelegate.swift */; };
		6972E41F249F2BA100479E91 /* CustomBounds.swift in Sources */ = {isa = PBXBuildFile; fileRef = 6972E41E249F2BA100479E91 /* CustomBounds.swift */; };
		6972E421249F2BDB00479E91 /* CustomTextViewDelegate.swift in Sources */ = {isa = PBXBuildFile; fileRef = 6972E420249F2BDB00479E91 /* CustomTextViewDelegate.swift */; };
		6972E423249F2CF100479E91 /* SessionHeaderViewModel.swift in Sources */ = {isa = PBXBuildFile; fileRef = 6972E422249F2CF100479E91 /* SessionHeaderViewModel.swift */; };
		6972E425249F2D4A00479E91 /* StartSessionButtonDelegate.swift in Sources */ = {isa = PBXBuildFile; fileRef = 6972E424249F2D4A00479E91 /* StartSessionButtonDelegate.swift */; };
		6972E428249F2E1A00479E91 /* UserDefaultKeys.swift in Sources */ = {isa = PBXBuildFile; fileRef = 6972E427249F2E1A00479E91 /* UserDefaultKeys.swift */; };
		6972E42A249F2E3D00479E91 /* Utility.swift in Sources */ = {isa = PBXBuildFile; fileRef = 6972E429249F2E3D00479E91 /* Utility.swift */; };
		6972E42C249F2EBF00479E91 /* SessionDetailType.swift in Sources */ = {isa = PBXBuildFile; fileRef = 6972E42B249F2EBF00479E91 /* SessionDetailType.swift */; };
		6972E42F24A029E000479E91 /* Haptic.swift in Sources */ = {isa = PBXBuildFile; fileRef = 6972E42E24A029E000479E91 /* Haptic.swift */; };
		6972E43124B59D7000479E91 /* ActivityIndicatorView.swift in Sources */ = {isa = PBXBuildFile; fileRef = 6972E43024B59D7000479E91 /* ActivityIndicatorView.swift */; };
		6972E43324BEAF7E00479E91 /* UIColor+Extension.swift in Sources */ = {isa = PBXBuildFile; fileRef = 6972E43224BEAF7E00479E91 /* UIColor+Extension.swift */; };
		6972E43524BEB03800479E91 /* TimeInterval+Extension.swift in Sources */ = {isa = PBXBuildFile; fileRef = 6972E43424BEB03800479E91 /* TimeInterval+Extension.swift */; };
		6972E43724BEB26400479E91 /* ToggleButton.swift in Sources */ = {isa = PBXBuildFile; fileRef = 6972E43624BEB26400479E91 /* ToggleButton.swift */; };
		697D461523F3B58A002ACDA7 /* ExercisesViewController.swift in Sources */ = {isa = PBXBuildFile; fileRef = 697D461423F3B58A002ACDA7 /* ExercisesViewController.swift */; };
		69A39B2724C821F900ECEA25 /* OnboardingPageViewController.swift in Sources */ = {isa = PBXBuildFile; fileRef = 69A39B2624C821F800ECEA25 /* OnboardingPageViewController.swift */; };
		69A7392124CAA37A00AAD965 /* OnboardingViewController.swift in Sources */ = {isa = PBXBuildFile; fileRef = 69A7392024CAA37A00AAD965 /* OnboardingViewController.swift */; };
		69A7392324CAB69E00AAD965 /* OnboardingPage.swift in Sources */ = {isa = PBXBuildFile; fileRef = 69A7392224CAB69E00AAD965 /* OnboardingPage.swift */; };
		69A7392524CABE3600AAD965 /* User.swift in Sources */ = {isa = PBXBuildFile; fileRef = 69A7392424CABE3600AAD965 /* User.swift */; };
		69C1BCC324594B1300D23556 /* Workout Info in Resources */ = {isa = PBXBuildFile; fileRef = 69C1BCC224594B1300D23556 /* Workout Info */; };
		69C1BCC7245D570800D23556 /* ExercisePreviewViewController.swift in Sources */ = {isa = PBXBuildFile; fileRef = 69C1BCC6245D570800D23556 /* ExercisePreviewViewController.swift */; };
		69C1BCC9245F67E000D23556 /* SwipableImageViewTableViewCell.swift in Sources */ = {isa = PBXBuildFile; fileRef = 69C1BCC8245F67E000D23556 /* SwipableImageViewTableViewCell.swift */; };
		69CB2D8C23CC035100603363 /* StartSessionFooterView.swift in Sources */ = {isa = PBXBuildFile; fileRef = 69CB2D8B23CC035100603363 /* StartSessionFooterView.swift */; };
		69CB2D9123CD6D9F00603363 /* RestViewController.swift in Sources */ = {isa = PBXBuildFile; fileRef = 69CB2D9023CD6D9F00603363 /* RestViewController.swift */; };
		69DAD81B247DF3E00023E967 /* TextFieldTableViewCell.swift in Sources */ = {isa = PBXBuildFile; fileRef = 69DAD81A247DF3E00023E967 /* TextFieldTableViewCell.swift */; };
		69DAD81D247DF59E0023E967 /* ButtonTableViewCell.swift in Sources */ = {isa = PBXBuildFile; fileRef = 69DAD81C247DF59E0023E967 /* ButtonTableViewCell.swift */; };
		69DAD81F247DF6860023E967 /* CreateEditExerciseTableViewController.swift in Sources */ = {isa = PBXBuildFile; fileRef = 69DAD81E247DF6860023E967 /* CreateEditExerciseTableViewController.swift */; };
		69DAD821247E01580023E967 /* TextViewTableViewCell.swift in Sources */ = {isa = PBXBuildFile; fileRef = 69DAD820247E01580023E967 /* TextViewTableViewCell.swift */; };
		69E3B47D249B331800E4DD99 /* NotificationHelper.swift in Sources */ = {isa = PBXBuildFile; fileRef = 69E3B47C249B331800E4DD99 /* NotificationHelper.swift */; };
		69E3B482249F03D500E4DD99 /* ExerciseDataModelDelegate.swift in Sources */ = {isa = PBXBuildFile; fileRef = 69E3B481249F03D500E4DD99 /* ExerciseDataModelDelegate.swift */; };
		69E3B484249F045300E4DD99 /* DataFetchDelegate.swift in Sources */ = {isa = PBXBuildFile; fileRef = 69E3B483249F045300E4DD99 /* DataFetchDelegate.swift */; };
		69E3B486249F15C400E4DD99 /* SessionDataModelDelegate.swift in Sources */ = {isa = PBXBuildFile; fileRef = 69E3B485249F15C400E4DD99 /* SessionDataModelDelegate.swift */; };
		69F012E22383A1BD008B4225 /* ExerciseHeaderTableViewCell.swift in Sources */ = {isa = PBXBuildFile; fileRef = 69F012E02383A1BD008B4225 /* ExerciseHeaderTableViewCell.swift */; };
		69F8ED7123E9391800600BBA /* ExerciseDataModel.swift in Sources */ = {isa = PBXBuildFile; fileRef = 69F8ED7023E9391800600BBA /* ExerciseDataModel.swift */; };
		ADB0BBDDB012F8BF052C5F46 /* Pods_Gymbo.framework in Frameworks */ = {isa = PBXBuildFile; fileRef = 315700FCAC782D0687667285 /* Pods_Gymbo.framework */; };
/* End PBXBuildFile section */

/* Begin PBXFileReference section */
		0760852446B766F739525C2A /* Pods-Gymbo.debug.xcconfig */ = {isa = PBXFileReference; includeInIndex = 1; lastKnownFileType = text.xcconfig; name = "Pods-Gymbo.debug.xcconfig"; path = "Pods/Target Support Files/Pods-Gymbo/Pods-Gymbo.debug.xcconfig"; sourceTree = "<group>"; };
		315700FCAC782D0687667285 /* Pods_Gymbo.framework */ = {isa = PBXFileReference; explicitFileType = wrapper.framework; includeInIndex = 0; path = Pods_Gymbo.framework; sourceTree = BUILT_PRODUCTS_DIR; };
		6901E4762387B4DC0051D1B2 /* SessionHeaderView.swift */ = {isa = PBXFileReference; lastKnownFileType = sourcecode.swift; path = SessionHeaderView.swift; sourceTree = "<group>"; };
		690B5692244804ED00E9CB93 /* StopwatchTableViewCell.swift */ = {isa = PBXFileReference; lastKnownFileType = sourcecode.swift; path = StopwatchTableViewCell.swift; sourceTree = "<group>"; };
		691054E6234301DD00E306F1 /* SessionsCollectionViewCell.swift */ = {isa = PBXFileReference; lastKnownFileType = sourcecode.swift; path = SessionsCollectionViewCell.swift; sourceTree = "<group>"; };
		691D5F4C23D0272200DB9D4E /* CircleProgressView.swift */ = {isa = PBXFileReference; lastKnownFileType = sourcecode.swift; path = CircleProgressView.swift; sourceTree = "<group>"; };
		6929673C22F77DC200832C68 /* CustomButton.swift */ = {isa = PBXFileReference; lastKnownFileType = sourcecode.swift; path = CustomButton.swift; sourceTree = "<group>"; };
		692D982022FE9E890032514D /* ExerciseDetailTableViewCell.swift */ = {isa = PBXFileReference; lastKnownFileType = sourcecode.swift; path = ExerciseDetailTableViewCell.swift; sourceTree = "<group>"; };
		693E45D4237D1BF400ED8EC1 /* SessionPreviewViewController.swift */ = {isa = PBXFileReference; fileEncoding = 4; lastKnownFileType = sourcecode.swift; path = SessionPreviewViewController.swift; sourceTree = "<group>"; };
		69477B7D2454F72F00FB6F73 /* ExerciseTableViewCell.swift */ = {isa = PBXFileReference; fileEncoding = 4; lastKnownFileType = sourcecode.swift; path = ExerciseTableViewCell.swift; sourceTree = "<group>"; };
		69488E1C236F82D000C3A04C /* CreateEditSessionTableViewController.swift */ = {isa = PBXFileReference; lastKnownFileType = sourcecode.swift; path = CreateEditSessionTableViewController.swift; sourceTree = "<group>"; };
		695070922497522400942078 /* Session.swift */ = {isa = PBXFileReference; lastKnownFileType = sourcecode.swift; path = Session.swift; sourceTree = "<group>"; };
		695070942497525E00942078 /* SessionsList.swift */ = {isa = PBXFileReference; lastKnownFileType = sourcecode.swift; path = SessionsList.swift; sourceTree = "<group>"; };
		695070962497528200942078 /* Exercise.swift */ = {isa = PBXFileReference; lastKnownFileType = sourcecode.swift; path = Exercise.swift; sourceTree = "<group>"; };
		69507098249752A300942078 /* ExercisesList.swift */ = {isa = PBXFileReference; lastKnownFileType = sourcecode.swift; path = ExercisesList.swift; sourceTree = "<group>"; };
		6950709A249752B900942078 /* ExerciseDetails.swift */ = {isa = PBXFileReference; lastKnownFileType = sourcecode.swift; path = ExerciseDetails.swift; sourceTree = "<group>"; };
		6956292C234463EF00E0AA96 /* ModalPresentationController.swift */ = {isa = PBXFileReference; lastKnownFileType = sourcecode.swift; path = ModalPresentationController.swift; sourceTree = "<group>"; };
		6957604F24BED49100A97F09 /* WeightType.swift */ = {isa = PBXFileReference; lastKnownFileType = sourcecode.swift; path = WeightType.swift; sourceTree = "<group>"; };
		695D4BDF22CB28B800E3FB1F /* Gymbo.app */ = {isa = PBXFileReference; explicitFileType = wrapper.application; includeInIndex = 0; path = Gymbo.app; sourceTree = BUILT_PRODUCTS_DIR; };
		695D4BE222CB28B800E3FB1F /* AppDelegate.swift */ = {isa = PBXFileReference; lastKnownFileType = sourcecode.swift; path = AppDelegate.swift; sourceTree = "<group>"; };
		695D4BE922CB28B800E3FB1F /* Assets.xcassets */ = {isa = PBXFileReference; lastKnownFileType = folder.assetcatalog; path = Assets.xcassets; sourceTree = "<group>"; };
		695D4BEC22CB28B800E3FB1F /* Base */ = {isa = PBXFileReference; lastKnownFileType = file.storyboard; name = Base; path = Base.lproj/LaunchScreen.storyboard; sourceTree = "<group>"; };
		695D4BEE22CB28B800E3FB1F /* Info.plist */ = {isa = PBXFileReference; lastKnownFileType = text.plist.xml; path = Info.plist; sourceTree = "<group>"; };
		695D4BFE22D30AFE00E3FB1F /* StopwatchViewController.swift */ = {isa = PBXFileReference; lastKnownFileType = sourcecode.swift; path = StopwatchViewController.swift; sourceTree = "<group>"; };
		695D4C0022D30B1D00E3FB1F /* MainTabBarController.swift */ = {isa = PBXFileReference; lastKnownFileType = sourcecode.swift; path = MainTabBarController.swift; sourceTree = "<group>"; };
		695D4C0422D4508C00E3FB1F /* SessionDataModel.swift */ = {isa = PBXFileReference; lastKnownFileType = sourcecode.swift; path = SessionDataModel.swift; sourceTree = "<group>"; };
		695E66B324C52E90004C06A4 /* TwoLabelsTableViewCell.swift */ = {isa = PBXFileReference; lastKnownFileType = sourcecode.swift; path = TwoLabelsTableViewCell.swift; sourceTree = "<group>"; };
		69629460235D592000E681C7 /* Abs.txt */ = {isa = PBXFileReference; fileEncoding = 4; lastKnownFileType = text; path = Abs.txt; sourceTree = "<group>"; };
		69629462235D593F00E681C7 /* Back.txt */ = {isa = PBXFileReference; fileEncoding = 4; lastKnownFileType = text; path = Back.txt; sourceTree = "<group>"; };
		69629463235D593F00E681C7 /* Arms.txt */ = {isa = PBXFileReference; fileEncoding = 4; lastKnownFileType = text; path = Arms.txt; sourceTree = "<group>"; };
		69629464235D593F00E681C7 /* Shoulders.txt */ = {isa = PBXFileReference; fileEncoding = 4; lastKnownFileType = text; path = Shoulders.txt; sourceTree = "<group>"; };
		69629465235D593F00E681C7 /* Other.txt */ = {isa = PBXFileReference; fileEncoding = 4; lastKnownFileType = text; path = Other.txt; sourceTree = "<group>"; };
		69629466235D593F00E681C7 /* Legs.txt */ = {isa = PBXFileReference; fileEncoding = 4; lastKnownFileType = text; path = Legs.txt; sourceTree = "<group>"; };
		69629467235D593F00E681C7 /* Chest.txt */ = {isa = PBXFileReference; fileEncoding = 4; lastKnownFileType = text; path = Chest.txt; sourceTree = "<group>"; };
		69629468235D594000E681C7 /* Glutes.txt */ = {isa = PBXFileReference; fileEncoding = 4; lastKnownFileType = text; path = Glutes.txt; sourceTree = "<group>"; };
		69629469235D594000E681C7 /* Hips.txt */ = {isa = PBXFileReference; fileEncoding = 4; lastKnownFileType = text; path = Hips.txt; sourceTree = "<group>"; };
		6962F35D244410AA00CB6DAE /* SessionsCollectionViewController.swift */ = {isa = PBXFileReference; lastKnownFileType = sourcecode.swift; path = SessionsCollectionViewController.swift; sourceTree = "<group>"; };
		6963D8AF24961990003A359C /* ExercisesHeaderFooterView.swift */ = {isa = PBXFileReference; lastKnownFileType = sourcecode.swift; name = ExercisesHeaderFooterView.swift; path = Gymbo/CustomViews/ExercisesHeaderFooterView.swift; sourceTree = SOURCE_ROOT; };
		69659C0724039C680054F655 /* AlertViewController.swift */ = {isa = PBXFileReference; lastKnownFileType = sourcecode.swift; path = AlertViewController.swift; sourceTree = "<group>"; };
		69693CE4247D012A00E87133 /* ImagesTableViewCell.swift */ = {isa = PBXFileReference; fileEncoding = 4; lastKnownFileType = sourcecode.swift; path = ImagesTableViewCell.swift; sourceTree = "<group>"; };
		69693CE8247D07CE00E87133 /* SelectionCollectionViewCell.swift */ = {isa = PBXFileReference; lastKnownFileType = sourcecode.swift; path = SelectionCollectionViewCell.swift; sourceTree = "<group>"; };
		69693CEA247D087A00E87133 /* MultipleSelectionTableViewCell.swift */ = {isa = PBXFileReference; lastKnownFileType = sourcecode.swift; path = MultipleSelectionTableViewCell.swift; sourceTree = "<group>"; };
		69693CEC247DF30300E87133 /* LabelTableViewCell.swift */ = {isa = PBXFileReference; lastKnownFileType = sourcecode.swift; path = LabelTableViewCell.swift; sourceTree = "<group>"; };
		69695698245013C3007FADC2 /* StartSessionTableViewController.swift */ = {isa = PBXFileReference; lastKnownFileType = sourcecode.swift; path = StartSessionTableViewController.swift; sourceTree = "<group>"; };
		6972E3C4249F1F2700479E91 /* KeyboardObserving.swift */ = {isa = PBXFileReference; lastKnownFileType = sourcecode.swift; path = KeyboardObserving.swift; sourceTree = "<group>"; };
		6972E3C6249F1F5C00479E91 /* ApplicationStateObserving.swift */ = {isa = PBXFileReference; lastKnownFileType = sourcecode.swift; path = ApplicationStateObserving.swift; sourceTree = "<group>"; };
		6972E3C8249F1F8900479E91 /* SessionProgressObserving.swift */ = {isa = PBXFileReference; lastKnownFileType = sourcecode.swift; path = SessionProgressObserving.swift; sourceTree = "<group>"; };
		6972E3CA249F1FB200479E91 /* SessionStateConstraintsUpdating.swift */ = {isa = PBXFileReference; lastKnownFileType = sourcecode.swift; path = SessionStateConstraintsUpdating.swift; sourceTree = "<group>"; };
		6972E3CC249F1FC600479E91 /* ViewAdding.swift */ = {isa = PBXFileReference; lastKnownFileType = sourcecode.swift; path = ViewAdding.swift; sourceTree = "<group>"; };
		6972E3CE249F1FE600479E91 /* DimmedViewDelegate.swift */ = {isa = PBXFileReference; lastKnownFileType = sourcecode.swift; path = DimmedViewDelegate.swift; sourceTree = "<group>"; };
		6972E3D1249F209900479E91 /* Int+Extension.swift */ = {isa = PBXFileReference; lastKnownFileType = sourcecode.swift; path = "Int+Extension.swift"; sourceTree = "<group>"; };
		6972E3D7249F213900479E91 /* String+Extension.swift */ = {isa = PBXFileReference; lastKnownFileType = sourcecode.swift; path = "String+Extension.swift"; sourceTree = "<group>"; };
		6972E3D9249F215400479E91 /* Notification+Extension.swift */ = {isa = PBXFileReference; lastKnownFileType = sourcecode.swift; path = "Notification+Extension.swift"; sourceTree = "<group>"; };
		6972E3DC249F21E700479E91 /* UIView+Extension.swift */ = {isa = PBXFileReference; lastKnownFileType = sourcecode.swift; path = "UIView+Extension.swift"; sourceTree = "<group>"; };
		6972E3DE249F223000479E91 /* CALayer+Extension.swift */ = {isa = PBXFileReference; lastKnownFileType = sourcecode.swift; path = "CALayer+Extension.swift"; sourceTree = "<group>"; };
		6972E3E0249F225200479E91 /* UIViewController+Extension.swift */ = {isa = PBXFileReference; lastKnownFileType = sourcecode.swift; path = "UIViewController+Extension.swift"; sourceTree = "<group>"; };
		6972E3E2249F22B100479E91 /* UITableView+Extension.swift */ = {isa = PBXFileReference; lastKnownFileType = sourcecode.swift; path = "UITableView+Extension.swift"; sourceTree = "<group>"; };
		6972E3E4249F22C500479E91 /* UICollectionView+Extension.swift */ = {isa = PBXFileReference; lastKnownFileType = sourcecode.swift; path = "UICollectionView+Extension.swift"; sourceTree = "<group>"; };
		6972E3E6249F22E600479E91 /* CGFloat+Extension.swift */ = {isa = PBXFileReference; lastKnownFileType = sourcecode.swift; path = "CGFloat+Extension.swift"; sourceTree = "<group>"; };
		6972E3E8249F22FF00479E91 /* UIFont+Extension.swift */ = {isa = PBXFileReference; lastKnownFileType = sourcecode.swift; path = "UIFont+Extension.swift"; sourceTree = "<group>"; };
		6972E3EB249F236700479E91 /* ShadowDirection.swift */ = {isa = PBXFileReference; lastKnownFileType = sourcecode.swift; path = ShadowDirection.swift; sourceTree = "<group>"; };
		6972E3ED249F237C00479E91 /* CornerStyle.swift */ = {isa = PBXFileReference; lastKnownFileType = sourcecode.swift; path = CornerStyle.swift; sourceTree = "<group>"; };
		6972E3EF249F244200479E91 /* PresentationStyle.swift */ = {isa = PBXFileReference; lastKnownFileType = sourcecode.swift; path = PresentationStyle.swift; sourceTree = "<group>"; };
		6972E3F1249F246E00479E91 /* ExerciseState.swift */ = {isa = PBXFileReference; lastKnownFileType = sourcecode.swift; path = ExerciseState.swift; sourceTree = "<group>"; };
		6972E3F3249F24A800479E91 /* SessionState.swift */ = {isa = PBXFileReference; lastKnownFileType = sourcecode.swift; path = SessionState.swift; sourceTree = "<group>"; };
		6972E3F5249F24DD00479E91 /* ButtonFunction.swift */ = {isa = PBXFileReference; lastKnownFileType = sourcecode.swift; path = ButtonFunction.swift; sourceTree = "<group>"; };
		6972E3F7249F254800479E91 /* ImageType.swift */ = {isa = PBXFileReference; lastKnownFileType = sourcecode.swift; path = ImageType.swift; sourceTree = "<group>"; };
		6972E3F9249F257700479E91 /* TextFieldType.swift */ = {isa = PBXFileReference; lastKnownFileType = sourcecode.swift; path = TextFieldType.swift; sourceTree = "<group>"; };
		6972E3FB249F25A100479E91 /* Transform.swift */ = {isa = PBXFileReference; lastKnownFileType = sourcecode.swift; path = Transform.swift; sourceTree = "<group>"; };
		6972E3FD249F268500479E91 /* SessionProgressDelegate.swift */ = {isa = PBXFileReference; lastKnownFileType = sourcecode.swift; path = SessionProgressDelegate.swift; sourceTree = "<group>"; };
		6972E3FF249F26D100479E91 /* SetAlphaDelegate.swift */ = {isa = PBXFileReference; lastKnownFileType = sourcecode.swift; path = SetAlphaDelegate.swift; sourceTree = "<group>"; };
		6972E401249F26E700479E91 /* ExercisesDelegate.swift */ = {isa = PBXFileReference; lastKnownFileType = sourcecode.swift; path = ExercisesDelegate.swift; sourceTree = "<group>"; };
		6972E403249F273F00479E91 /* RestTimerDelegate.swift */ = {isa = PBXFileReference; lastKnownFileType = sourcecode.swift; path = RestTimerDelegate.swift; sourceTree = "<group>"; };
		6972E405249F276A00479E91 /* UpdateDelegate.swift */ = {isa = PBXFileReference; lastKnownFileType = sourcecode.swift; path = UpdateDelegate.swift; sourceTree = "<group>"; };
		6972E407249F288100479E91 /* ImagesTableViewCellDelegate.swift */ = {isa = PBXFileReference; lastKnownFileType = sourcecode.swift; path = ImagesTableViewCellDelegate.swift; sourceTree = "<group>"; };
		6972E409249F28AB00479E91 /* ButtonTableViewCellDelegate.swift */ = {isa = PBXFileReference; lastKnownFileType = sourcecode.swift; path = ButtonTableViewCellDelegate.swift; sourceTree = "<group>"; };
		6972E40B249F28DE00479E91 /* ExerciseTableViewCellDelegate.swift */ = {isa = PBXFileReference; lastKnownFileType = sourcecode.swift; path = ExerciseTableViewCellDelegate.swift; sourceTree = "<group>"; };
		6972E40E249F29AC00479E91 /* ExerciseDetailTableViewCellModel.swift */ = {isa = PBXFileReference; lastKnownFileType = sourcecode.swift; path = ExerciseDetailTableViewCellModel.swift; sourceTree = "<group>"; };
		6972E410249F29E100479E91 /* ExerciseHeaderCellDelegate.swift */ = {isa = PBXFileReference; lastKnownFileType = sourcecode.swift; path = ExerciseHeaderCellDelegate.swift; sourceTree = "<group>"; };
		6972E412249F2A0000479E91 /* ExerciseHeaderTableViewCellModel.swift */ = {isa = PBXFileReference; lastKnownFileType = sourcecode.swift; path = ExerciseHeaderTableViewCellModel.swift; sourceTree = "<group>"; };
		6972E414249F2A7400479E91 /* MultipleSelectionTableViewCellDelegate.swift */ = {isa = PBXFileReference; lastKnownFileType = sourcecode.swift; path = MultipleSelectionTableViewCellDelegate.swift; sourceTree = "<group>"; };
		6972E416249F2A9D00479E91 /* SessionsCollectionViewCellDelegate.swift */ = {isa = PBXFileReference; lastKnownFileType = sourcecode.swift; path = SessionsCollectionViewCellDelegate.swift; sourceTree = "<group>"; };
		6972E418249F2ABC00479E91 /* SessionsCollectionViewCellModel.swift */ = {isa = PBXFileReference; lastKnownFileType = sourcecode.swift; path = SessionsCollectionViewCellModel.swift; sourceTree = "<group>"; };
		6972E41A249F2AF800479E91 /* TextFieldTableViewCellDelegate.swift */ = {isa = PBXFileReference; lastKnownFileType = sourcecode.swift; path = TextFieldTableViewCellDelegate.swift; sourceTree = "<group>"; };
		6972E41C249F2B5600479E91 /* TextViewTableViewCellDelegate.swift */ = {isa = PBXFileReference; lastKnownFileType = sourcecode.swift; path = TextViewTableViewCellDelegate.swift; sourceTree = "<group>"; };
		6972E41E249F2BA100479E91 /* CustomBounds.swift */ = {isa = PBXFileReference; lastKnownFileType = sourcecode.swift; path = CustomBounds.swift; sourceTree = "<group>"; };
		6972E420249F2BDB00479E91 /* CustomTextViewDelegate.swift */ = {isa = PBXFileReference; lastKnownFileType = sourcecode.swift; path = CustomTextViewDelegate.swift; sourceTree = "<group>"; };
		6972E422249F2CF100479E91 /* SessionHeaderViewModel.swift */ = {isa = PBXFileReference; lastKnownFileType = sourcecode.swift; path = SessionHeaderViewModel.swift; sourceTree = "<group>"; };
		6972E424249F2D4A00479E91 /* StartSessionButtonDelegate.swift */ = {isa = PBXFileReference; lastKnownFileType = sourcecode.swift; path = StartSessionButtonDelegate.swift; sourceTree = "<group>"; };
		6972E427249F2E1A00479E91 /* UserDefaultKeys.swift */ = {isa = PBXFileReference; lastKnownFileType = sourcecode.swift; path = UserDefaultKeys.swift; sourceTree = "<group>"; };
		6972E429249F2E3D00479E91 /* Utility.swift */ = {isa = PBXFileReference; lastKnownFileType = sourcecode.swift; path = Utility.swift; sourceTree = "<group>"; };
		6972E42B249F2EBF00479E91 /* SessionDetailType.swift */ = {isa = PBXFileReference; lastKnownFileType = sourcecode.swift; path = SessionDetailType.swift; sourceTree = "<group>"; };
		6972E42E24A029E000479E91 /* Haptic.swift */ = {isa = PBXFileReference; lastKnownFileType = sourcecode.swift; path = Haptic.swift; sourceTree = "<group>"; };
		6972E43024B59D7000479E91 /* ActivityIndicatorView.swift */ = {isa = PBXFileReference; lastKnownFileType = sourcecode.swift; path = ActivityIndicatorView.swift; sourceTree = "<group>"; };
		6972E43224BEAF7E00479E91 /* UIColor+Extension.swift */ = {isa = PBXFileReference; lastKnownFileType = sourcecode.swift; path = "UIColor+Extension.swift"; sourceTree = "<group>"; };
		6972E43424BEB03800479E91 /* TimeInterval+Extension.swift */ = {isa = PBXFileReference; lastKnownFileType = sourcecode.swift; path = "TimeInterval+Extension.swift"; sourceTree = "<group>"; };
		6972E43624BEB26400479E91 /* ToggleButton.swift */ = {isa = PBXFileReference; lastKnownFileType = sourcecode.swift; path = ToggleButton.swift; sourceTree = "<group>"; };
		697D461423F3B58A002ACDA7 /* ExercisesViewController.swift */ = {isa = PBXFileReference; lastKnownFileType = sourcecode.swift; path = ExercisesViewController.swift; sourceTree = "<group>"; };
		69A39B2624C821F800ECEA25 /* OnboardingPageViewController.swift */ = {isa = PBXFileReference; lastKnownFileType = sourcecode.swift; path = OnboardingPageViewController.swift; sourceTree = "<group>"; };
		69A7392024CAA37A00AAD965 /* OnboardingViewController.swift */ = {isa = PBXFileReference; lastKnownFileType = sourcecode.swift; path = OnboardingViewController.swift; sourceTree = "<group>"; };
		69A7392224CAB69E00AAD965 /* OnboardingPage.swift */ = {isa = PBXFileReference; lastKnownFileType = sourcecode.swift; path = OnboardingPage.swift; sourceTree = "<group>"; };
		69A7392424CABE3600AAD965 /* User.swift */ = {isa = PBXFileReference; lastKnownFileType = sourcecode.swift; path = User.swift; sourceTree = "<group>"; };
		69C1BCC224594B1300D23556 /* Workout Info */ = {isa = PBXFileReference; lastKnownFileType = folder; path = "Workout Info"; sourceTree = "<group>"; };
		69C1BCC6245D570800D23556 /* ExercisePreviewViewController.swift */ = {isa = PBXFileReference; lastKnownFileType = sourcecode.swift; path = ExercisePreviewViewController.swift; sourceTree = "<group>"; };
		69C1BCC8245F67E000D23556 /* SwipableImageViewTableViewCell.swift */ = {isa = PBXFileReference; lastKnownFileType = sourcecode.swift; path = SwipableImageViewTableViewCell.swift; sourceTree = "<group>"; };
		69CB2D8B23CC035100603363 /* StartSessionFooterView.swift */ = {isa = PBXFileReference; lastKnownFileType = sourcecode.swift; path = StartSessionFooterView.swift; sourceTree = "<group>"; };
		69CB2D9023CD6D9F00603363 /* RestViewController.swift */ = {isa = PBXFileReference; lastKnownFileType = sourcecode.swift; path = RestViewController.swift; sourceTree = "<group>"; };
		69DAD81A247DF3E00023E967 /* TextFieldTableViewCell.swift */ = {isa = PBXFileReference; lastKnownFileType = sourcecode.swift; path = TextFieldTableViewCell.swift; sourceTree = "<group>"; };
		69DAD81C247DF59E0023E967 /* ButtonTableViewCell.swift */ = {isa = PBXFileReference; lastKnownFileType = sourcecode.swift; path = ButtonTableViewCell.swift; sourceTree = "<group>"; };
		69DAD81E247DF6860023E967 /* CreateEditExerciseTableViewController.swift */ = {isa = PBXFileReference; lastKnownFileType = sourcecode.swift; path = CreateEditExerciseTableViewController.swift; sourceTree = "<group>"; };
		69DAD820247E01580023E967 /* TextViewTableViewCell.swift */ = {isa = PBXFileReference; lastKnownFileType = sourcecode.swift; path = TextViewTableViewCell.swift; sourceTree = "<group>"; };
		69E3B47C249B331800E4DD99 /* NotificationHelper.swift */ = {isa = PBXFileReference; lastKnownFileType = sourcecode.swift; path = NotificationHelper.swift; sourceTree = "<group>"; };
		69E3B481249F03D500E4DD99 /* ExerciseDataModelDelegate.swift */ = {isa = PBXFileReference; lastKnownFileType = sourcecode.swift; path = ExerciseDataModelDelegate.swift; sourceTree = "<group>"; };
		69E3B483249F045300E4DD99 /* DataFetchDelegate.swift */ = {isa = PBXFileReference; lastKnownFileType = sourcecode.swift; path = DataFetchDelegate.swift; sourceTree = "<group>"; };
		69E3B485249F15C400E4DD99 /* SessionDataModelDelegate.swift */ = {isa = PBXFileReference; lastKnownFileType = sourcecode.swift; path = SessionDataModelDelegate.swift; sourceTree = "<group>"; };
		69F012E02383A1BD008B4225 /* ExerciseHeaderTableViewCell.swift */ = {isa = PBXFileReference; lastKnownFileType = sourcecode.swift; path = ExerciseHeaderTableViewCell.swift; sourceTree = "<group>"; };
		69F8ED7023E9391800600BBA /* ExerciseDataModel.swift */ = {isa = PBXFileReference; lastKnownFileType = sourcecode.swift; path = ExerciseDataModel.swift; sourceTree = "<group>"; };
		FB31E3CEBC89B2BDC6ABC199 /* Pods-Gymbo.release.xcconfig */ = {isa = PBXFileReference; includeInIndex = 1; lastKnownFileType = text.xcconfig; name = "Pods-Gymbo.release.xcconfig"; path = "Pods/Target Support Files/Pods-Gymbo/Pods-Gymbo.release.xcconfig"; sourceTree = "<group>"; };
/* End PBXFileReference section */

/* Begin PBXFrameworksBuildPhase section */
		695D4BDC22CB28B800E3FB1F /* Frameworks */ = {
			isa = PBXFrameworksBuildPhase;
			buildActionMask = 2147483647;
			files = (
				ADB0BBDDB012F8BF052C5F46 /* Pods_Gymbo.framework in Frameworks */,
			);
			runOnlyForDeploymentPostprocessing = 0;
		};
/* End PBXFrameworksBuildPhase section */

/* Begin PBXGroup section */
		35CDB5E7D8BDFC5A640EE010 /* Pods */ = {
			isa = PBXGroup;
			children = (
				0760852446B766F739525C2A /* Pods-Gymbo.debug.xcconfig */,
				FB31E3CEBC89B2BDC6ABC199 /* Pods-Gymbo.release.xcconfig */,
			);
			name = Pods;
			sourceTree = "<group>";
		};
		6901E4752387B4C20051D1B2 /* CustomViews */ = {
			isa = PBXGroup;
			children = (
				6972E43024B59D7000479E91 /* ActivityIndicatorView.swift */,
				691D5F4C23D0272200DB9D4E /* CircleProgressView.swift */,
				6929673C22F77DC200832C68 /* CustomButton.swift */,
				6963D8AF24961990003A359C /* ExercisesHeaderFooterView.swift */,
				6901E4762387B4DC0051D1B2 /* SessionHeaderView.swift */,
				69CB2D8B23CC035100603363 /* StartSessionFooterView.swift */,
				6972E43624BEB26400479E91 /* ToggleButton.swift */,
			);
			path = CustomViews;
			sourceTree = "<group>";
		};
		6929674022F9E0F800832C68 /* SecondaryViewControllers */ = {
			isa = PBXGroup;
			children = (
				69DAD81E247DF6860023E967 /* CreateEditExerciseTableViewController.swift */,
				69488E1C236F82D000C3A04C /* CreateEditSessionTableViewController.swift */,
				69C1BCC6245D570800D23556 /* ExercisePreviewViewController.swift */,
				69CB2D9023CD6D9F00603363 /* RestViewController.swift */,
				693E45D4237D1BF400ED8EC1 /* SessionPreviewViewController.swift */,
				69695698245013C3007FADC2 /* StartSessionTableViewController.swift */,
			);
			path = SecondaryViewControllers;
			sourceTree = "<group>";
		};
		692D981F22FE9E640032514D /* CustomCells */ = {
			isa = PBXGroup;
			children = (
				69693CE4247D012A00E87133 /* ImagesTableViewCell.swift */,
				69DAD81C247DF59E0023E967 /* ButtonTableViewCell.swift */,
				692D982022FE9E890032514D /* ExerciseDetailTableViewCell.swift */,
				69F012E02383A1BD008B4225 /* ExerciseHeaderTableViewCell.swift */,
				69477B7D2454F72F00FB6F73 /* ExerciseTableViewCell.swift */,
				69693CEC247DF30300E87133 /* LabelTableViewCell.swift */,
				69693CEA247D087A00E87133 /* MultipleSelectionTableViewCell.swift */,
				69693CE8247D07CE00E87133 /* SelectionCollectionViewCell.swift */,
				691054E6234301DD00E306F1 /* SessionsCollectionViewCell.swift */,
				690B5692244804ED00E9CB93 /* StopwatchTableViewCell.swift */,
				69C1BCC8245F67E000D23556 /* SwipableImageViewTableViewCell.swift */,
				69DAD81A247DF3E00023E967 /* TextFieldTableViewCell.swift */,
				69DAD820247E01580023E967 /* TextViewTableViewCell.swift */,
				695E66B324C52E90004C06A4 /* TwoLabelsTableViewCell.swift */,
			);
			path = CustomCells;
			sourceTree = "<group>";
		};
		69507091249751FD00942078 /* Models */ = {
			isa = PBXGroup;
			children = (
				695070962497528200942078 /* Exercise.swift */,
				6950709A249752B900942078 /* ExerciseDetails.swift */,
				6972E40E249F29AC00479E91 /* ExerciseDetailTableViewCellModel.swift */,
				6972E412249F2A0000479E91 /* ExerciseHeaderTableViewCellModel.swift */,
				69507098249752A300942078 /* ExercisesList.swift */,
				695070922497522400942078 /* Session.swift */,
				6972E422249F2CF100479E91 /* SessionHeaderViewModel.swift */,
				6972E418249F2ABC00479E91 /* SessionsCollectionViewCellModel.swift */,
				695070942497525E00942078 /* SessionsList.swift */,
			);
			name = Models;
			sourceTree = "<group>";
		};
		695D4BD622CB28B800E3FB1F = {
			isa = PBXGroup;
			children = (
				695D4BE122CB28B800E3FB1F /* Gymbo */,
				695D4BE022CB28B800E3FB1F /* Products */,
				35CDB5E7D8BDFC5A640EE010 /* Pods */,
				F10FA9A541B75089E75BAEE2 /* Frameworks */,
			);
			sourceTree = "<group>";
		};
		695D4BE022CB28B800E3FB1F /* Products */ = {
			isa = PBXGroup;
			children = (
				695D4BDF22CB28B800E3FB1F /* Gymbo.app */,
			);
			name = Products;
			sourceTree = "<group>";
		};
		695D4BE122CB28B800E3FB1F /* Gymbo */ = {
			isa = PBXGroup;
			children = (
				695D4BEB22CB28B800E3FB1F /* LaunchScreen.storyboard */,
				695D4BE222CB28B800E3FB1F /* AppDelegate.swift */,
				69A39B2524C821A600ECEA25 /* Onboarding */,
				695D4C0722D450A800E3FB1F /* MainViewControllers */,
				6929674022F9E0F800832C68 /* SecondaryViewControllers */,
				692D981F22FE9E640032514D /* CustomCells */,
				69659C0624039C460054F655 /* CustomViewControllers */,
				6901E4752387B4C20051D1B2 /* CustomViews */,
				69507091249751FD00942078 /* Models */,
				696A751F2361630300FA605F /* DataModels */,
				695D4C0822D450CD00E3FB1F /* Helpers */,
				6962945F235D58D400E681C7 /* WorkoutsData */,
				695D4BE922CB28B800E3FB1F /* Assets.xcassets */,
				695D4BEE22CB28B800E3FB1F /* Info.plist */,
			);
			path = Gymbo;
			sourceTree = "<group>";
		};
		695D4C0722D450A800E3FB1F /* MainViewControllers */ = {
			isa = PBXGroup;
			children = (
				695D4C0022D30B1D00E3FB1F /* MainTabBarController.swift */,
				697D461423F3B58A002ACDA7 /* ExercisesViewController.swift */,
				6962F35D244410AA00CB6DAE /* SessionsCollectionViewController.swift */,
				695D4BFE22D30AFE00E3FB1F /* StopwatchViewController.swift */,
			);
			path = MainViewControllers;
			sourceTree = "<group>";
		};
		695D4C0822D450CD00E3FB1F /* Helpers */ = {
			isa = PBXGroup;
			children = (
				6972E42D249F2F5600479E91 /* Classes */,
				6972E3EA249F234D00479E91 /* Enums */,
				6972E3C3249F1F0700479E91 /* Protocols */,
				6972E426249F2E0900479E91 /* Structs */,
				6972E3D0249F207E00479E91 /* TypeExtensions */,
				6972E3DB249F21D500479E91 /* UIExtensions */,
			);
			name = Helpers;
			sourceTree = "<group>";
		};
		6962945F235D58D400E681C7 /* WorkoutsData */ = {
			isa = PBXGroup;
			children = (
				69C1BCC224594B1300D23556 /* Workout Info */,
				69E3B47E249B385900E4DD99 /* WorkoutInitFiles */,
			);
			name = WorkoutsData;
			sourceTree = "<group>";
		};
		69659C0624039C460054F655 /* CustomViewControllers */ = {
			isa = PBXGroup;
			children = (
				69659C0724039C680054F655 /* AlertViewController.swift */,
				6956292C234463EF00E0AA96 /* ModalPresentationController.swift */,
			);
			path = CustomViewControllers;
			sourceTree = "<group>";
		};
		696A751F2361630300FA605F /* DataModels */ = {
			isa = PBXGroup;
			children = (
				69F8ED7023E9391800600BBA /* ExerciseDataModel.swift */,
				695D4C0422D4508C00E3FB1F /* SessionDataModel.swift */,
			);
			name = DataModels;
			sourceTree = "<group>";
		};
		6972E3C3249F1F0700479E91 /* Protocols */ = {
			isa = PBXGroup;
			children = (
				6972E3C6249F1F5C00479E91 /* ApplicationStateObserving.swift */,
				6972E409249F28AB00479E91 /* ButtonTableViewCellDelegate.swift */,
				6972E420249F2BDB00479E91 /* CustomTextViewDelegate.swift */,
				69E3B483249F045300E4DD99 /* DataFetchDelegate.swift */,
				6972E3CE249F1FE600479E91 /* DimmedViewDelegate.swift */,
				69E3B481249F03D500E4DD99 /* ExerciseDataModelDelegate.swift */,
				6972E410249F29E100479E91 /* ExerciseHeaderCellDelegate.swift */,
				6972E401249F26E700479E91 /* ExercisesDelegate.swift */,
				6972E40B249F28DE00479E91 /* ExerciseTableViewCellDelegate.swift */,
				6972E407249F288100479E91 /* ImagesTableViewCellDelegate.swift */,
				6972E3C4249F1F2700479E91 /* KeyboardObserving.swift */,
				6972E414249F2A7400479E91 /* MultipleSelectionTableViewCellDelegate.swift */,
				6972E403249F273F00479E91 /* RestTimerDelegate.swift */,
				69E3B485249F15C400E4DD99 /* SessionDataModelDelegate.swift */,
				6972E3FD249F268500479E91 /* SessionProgressDelegate.swift */,
				6972E3C8249F1F8900479E91 /* SessionProgressObserving.swift */,
				6972E416249F2A9D00479E91 /* SessionsCollectionViewCellDelegate.swift */,
				6972E3CA249F1FB200479E91 /* SessionStateConstraintsUpdating.swift */,
				6972E3FF249F26D100479E91 /* SetAlphaDelegate.swift */,
				6972E424249F2D4A00479E91 /* StartSessionButtonDelegate.swift */,
				6972E41A249F2AF800479E91 /* TextFieldTableViewCellDelegate.swift */,
				6972E41C249F2B5600479E91 /* TextViewTableViewCellDelegate.swift */,
				6972E405249F276A00479E91 /* UpdateDelegate.swift */,
				6972E3CC249F1FC600479E91 /* ViewAdding.swift */,
			);
			name = Protocols;
			sourceTree = "<group>";
		};
		6972E3D0249F207E00479E91 /* TypeExtensions */ = {
			isa = PBXGroup;
			children = (
				6972E3DE249F223000479E91 /* CALayer+Extension.swift */,
				6972E3E6249F22E600479E91 /* CGFloat+Extension.swift */,
				6972E3D1249F209900479E91 /* Int+Extension.swift */,
				6972E3D9249F215400479E91 /* Notification+Extension.swift */,
				6972E3D7249F213900479E91 /* String+Extension.swift */,
				6972E43424BEB03800479E91 /* TimeInterval+Extension.swift */,
			);
			name = TypeExtensions;
			sourceTree = "<group>";
		};
		6972E3DB249F21D500479E91 /* UIExtensions */ = {
			isa = PBXGroup;
			children = (
				6972E3E4249F22C500479E91 /* UICollectionView+Extension.swift */,
				6972E43224BEAF7E00479E91 /* UIColor+Extension.swift */,
				6972E3E8249F22FF00479E91 /* UIFont+Extension.swift */,
				6972E3E2249F22B100479E91 /* UITableView+Extension.swift */,
				6972E3DC249F21E700479E91 /* UIView+Extension.swift */,
				6972E3E0249F225200479E91 /* UIViewController+Extension.swift */,
			);
			name = UIExtensions;
			sourceTree = "<group>";
		};
		6972E3EA249F234D00479E91 /* Enums */ = {
			isa = PBXGroup;
			children = (
				6972E3F5249F24DD00479E91 /* ButtonFunction.swift */,
				6972E3ED249F237C00479E91 /* CornerStyle.swift */,
				6972E3F1249F246E00479E91 /* ExerciseState.swift */,
				6972E3F7249F254800479E91 /* ImageType.swift */,
				69A7392224CAB69E00AAD965 /* OnboardingPage.swift */,
				6972E3EF249F244200479E91 /* PresentationStyle.swift */,
				6972E42B249F2EBF00479E91 /* SessionDetailType.swift */,
				6972E3F3249F24A800479E91 /* SessionState.swift */,
				6972E3EB249F236700479E91 /* ShadowDirection.swift */,
				6972E3F9249F257700479E91 /* TextFieldType.swift */,
				6972E3FB249F25A100479E91 /* Transform.swift */,
				6957604F24BED49100A97F09 /* WeightType.swift */,
			);
			name = Enums;
			sourceTree = "<group>";
		};
		6972E426249F2E0900479E91 /* Structs */ = {
			isa = PBXGroup;
			children = (
				6972E41E249F2BA100479E91 /* CustomBounds.swift */,
				6972E42E24A029E000479E91 /* Haptic.swift */,
				6972E427249F2E1A00479E91 /* UserDefaultKeys.swift */,
				69A7392424CABE3600AAD965 /* User.swift */,
				6972E429249F2E3D00479E91 /* Utility.swift */,
			);
			name = Structs;
			sourceTree = "<group>";
		};
		6972E42D249F2F5600479E91 /* Classes */ = {
			isa = PBXGroup;
			children = (
				69E3B47C249B331800E4DD99 /* NotificationHelper.swift */,
			);
			name = Classes;
			sourceTree = "<group>";
		};
		69A39B2524C821A600ECEA25 /* Onboarding */ = {
			isa = PBXGroup;
			children = (
				69A39B2624C821F800ECEA25 /* OnboardingPageViewController.swift */,
				69A7392024CAA37A00AAD965 /* OnboardingViewController.swift */,
			);
			path = Onboarding;
			sourceTree = "<group>";
		};
		69E3B47E249B385900E4DD99 /* WorkoutInitFiles */ = {
			isa = PBXGroup;
			children = (
				69629460235D592000E681C7 /* Abs.txt */,
				69629463235D593F00E681C7 /* Arms.txt */,
				69629462235D593F00E681C7 /* Back.txt */,
				69629467235D593F00E681C7 /* Chest.txt */,
				69629468235D594000E681C7 /* Glutes.txt */,
				69629469235D594000E681C7 /* Hips.txt */,
				69629466235D593F00E681C7 /* Legs.txt */,
				69629465235D593F00E681C7 /* Other.txt */,
				69629464235D593F00E681C7 /* Shoulders.txt */,
			);
			name = WorkoutInitFiles;
			sourceTree = "<group>";
		};
		F10FA9A541B75089E75BAEE2 /* Frameworks */ = {
			isa = PBXGroup;
			children = (
				315700FCAC782D0687667285 /* Pods_Gymbo.framework */,
			);
			name = Frameworks;
			sourceTree = "<group>";
		};
/* End PBXGroup section */

/* Begin PBXNativeTarget section */
		695D4BDE22CB28B800E3FB1F /* Gymbo */ = {
			isa = PBXNativeTarget;
			buildConfigurationList = 695D4BF122CB28B800E3FB1F /* Build configuration list for PBXNativeTarget "Gymbo" */;
			buildPhases = (
				0082BF41F6E6265FC5C4D83F /* [CP] Check Pods Manifest.lock */,
				695D4BDB22CB28B800E3FB1F /* Sources */,
				695D4BDC22CB28B800E3FB1F /* Frameworks */,
				695D4BDD22CB28B800E3FB1F /* Resources */,
				6DD4E9CCDBF3F4474B511814 /* [CP] Embed Pods Frameworks */,
			);
			buildRules = (
			);
			dependencies = (
			);
			name = Gymbo;
			productName = Gymbo;
			productReference = 695D4BDF22CB28B800E3FB1F /* Gymbo.app */;
			productType = "com.apple.product-type.application";
		};
/* End PBXNativeTarget section */

/* Begin PBXProject section */
		695D4BD722CB28B800E3FB1F /* Project object */ = {
			isa = PBXProject;
			attributes = {
				LastSwiftUpdateCheck = 1020;
				LastUpgradeCheck = 1020;
				ORGANIZATIONNAME = "Rohan Sharma";
				TargetAttributes = {
					695D4BDE22CB28B800E3FB1F = {
						CreatedOnToolsVersion = 10.2.1;
					};
				};
			};
			buildConfigurationList = 695D4BDA22CB28B800E3FB1F /* Build configuration list for PBXProject "Gymbo" */;
			compatibilityVersion = "Xcode 9.3";
			developmentRegion = en;
			hasScannedForEncodings = 0;
			knownRegions = (
				en,
				Base,
			);
			mainGroup = 695D4BD622CB28B800E3FB1F;
			productRefGroup = 695D4BE022CB28B800E3FB1F /* Products */;
			projectDirPath = "";
			projectRoot = "";
			targets = (
				695D4BDE22CB28B800E3FB1F /* Gymbo */,
			);
		};
/* End PBXProject section */

/* Begin PBXResourcesBuildPhase section */
		695D4BDD22CB28B800E3FB1F /* Resources */ = {
			isa = PBXResourcesBuildPhase;
			buildActionMask = 2147483647;
			files = (
				695D4BED22CB28B800E3FB1F /* LaunchScreen.storyboard in Resources */,
				695D4BEA22CB28B800E3FB1F /* Assets.xcassets in Resources */,
				69629461235D592000E681C7 /* Abs.txt in Resources */,
				69C1BCC324594B1300D23556 /* Workout Info in Resources */,
				69629471235D594000E681C7 /* Hips.txt in Resources */,
				6962946E235D594000E681C7 /* Legs.txt in Resources */,
				6962946B235D594000E681C7 /* Arms.txt in Resources */,
				69629470235D594000E681C7 /* Glutes.txt in Resources */,
				6962946F235D594000E681C7 /* Chest.txt in Resources */,
				6962946C235D594000E681C7 /* Shoulders.txt in Resources */,
				6962946A235D594000E681C7 /* Back.txt in Resources */,
				6962946D235D594000E681C7 /* Other.txt in Resources */,
			);
			runOnlyForDeploymentPostprocessing = 0;
		};
/* End PBXResourcesBuildPhase section */

/* Begin PBXShellScriptBuildPhase section */
		0082BF41F6E6265FC5C4D83F /* [CP] Check Pods Manifest.lock */ = {
			isa = PBXShellScriptBuildPhase;
			buildActionMask = 2147483647;
			files = (
			);
			inputFileListPaths = (
			);
			inputPaths = (
				"${PODS_PODFILE_DIR_PATH}/Podfile.lock",
				"${PODS_ROOT}/Manifest.lock",
			);
			name = "[CP] Check Pods Manifest.lock";
			outputFileListPaths = (
			);
			outputPaths = (
				"$(DERIVED_FILE_DIR)/Pods-Gymbo-checkManifestLockResult.txt",
			);
			runOnlyForDeploymentPostprocessing = 0;
			shellPath = /bin/sh;
			shellScript = "diff \"${PODS_PODFILE_DIR_PATH}/Podfile.lock\" \"${PODS_ROOT}/Manifest.lock\" > /dev/null\nif [ $? != 0 ] ; then\n    # print error to STDERR\n    echo \"error: The sandbox is not in sync with the Podfile.lock. Run 'pod install' or update your CocoaPods installation.\" >&2\n    exit 1\nfi\n# This output is used by Xcode 'outputs' to avoid re-running this script phase.\necho \"SUCCESS\" > \"${SCRIPT_OUTPUT_FILE_0}\"\n";
			showEnvVarsInLog = 0;
		};
		6DD4E9CCDBF3F4474B511814 /* [CP] Embed Pods Frameworks */ = {
			isa = PBXShellScriptBuildPhase;
			buildActionMask = 2147483647;
			files = (
			);
			inputFileListPaths = (
				"${PODS_ROOT}/Target Support Files/Pods-Gymbo/Pods-Gymbo-frameworks-${CONFIGURATION}-input-files.xcfilelist",
			);
			name = "[CP] Embed Pods Frameworks";
			outputFileListPaths = (
				"${PODS_ROOT}/Target Support Files/Pods-Gymbo/Pods-Gymbo-frameworks-${CONFIGURATION}-output-files.xcfilelist",
			);
			runOnlyForDeploymentPostprocessing = 0;
			shellPath = /bin/sh;
			shellScript = "\"${PODS_ROOT}/Target Support Files/Pods-Gymbo/Pods-Gymbo-frameworks.sh\"\n";
			showEnvVarsInLog = 0;
		};
/* End PBXShellScriptBuildPhase section */

/* Begin PBXSourcesBuildPhase section */
		695D4BDB22CB28B800E3FB1F /* Sources */ = {
			isa = PBXSourcesBuildPhase;
			buildActionMask = 2147483647;
			files = (
				6972E402249F26E700479E91 /* ExercisesDelegate.swift in Sources */,
				695D4C0122D30B1D00E3FB1F /* MainTabBarController.swift in Sources */,
				697D461523F3B58A002ACDA7 /* ExercisesViewController.swift in Sources */,
				6972E3C5249F1F2700479E91 /* KeyboardObserving.swift in Sources */,
				69F012E22383A1BD008B4225 /* ExerciseHeaderTableViewCell.swift in Sources */,
				6972E3FE249F268500479E91 /* SessionProgressDelegate.swift in Sources */,
				6972E3D2249F209900479E91 /* Int+Extension.swift in Sources */,
				6972E42A249F2E3D00479E91 /* Utility.swift in Sources */,
				690B5693244804ED00E9CB93 /* StopwatchTableViewCell.swift in Sources */,
				6972E42F24A029E000479E91 /* Haptic.swift in Sources */,
				69DAD81B247DF3E00023E967 /* TextFieldTableViewCell.swift in Sources */,
				69CB2D9123CD6D9F00603363 /* RestViewController.swift in Sources */,
				69DAD81F247DF6860023E967 /* CreateEditExerciseTableViewController.swift in Sources */,
				69E3B486249F15C400E4DD99 /* SessionDataModelDelegate.swift in Sources */,
				6956292D234463EF00E0AA96 /* ModalPresentationController.swift in Sources */,
				6972E3F6249F24DD00479E91 /* ButtonFunction.swift in Sources */,
				6950709B249752B900942078 /* ExerciseDetails.swift in Sources */,
				6972E41F249F2BA100479E91 /* CustomBounds.swift in Sources */,
				69C1BCC9245F67E000D23556 /* SwipableImageViewTableViewCell.swift in Sources */,
				6972E421249F2BDB00479E91 /* CustomTextViewDelegate.swift in Sources */,
				691054E8234301DD00E306F1 /* SessionsCollectionViewCell.swift in Sources */,
				6972E3E7249F22E600479E91 /* CGFloat+Extension.swift in Sources */,
				69E3B484249F045300E4DD99 /* DataFetchDelegate.swift in Sources */,
				6972E3FA249F257700479E91 /* TextFieldType.swift in Sources */,
				6901E4772387B4DC0051D1B2 /* SessionHeaderView.swift in Sources */,
				69CB2D8C23CC035100603363 /* StartSessionFooterView.swift in Sources */,
				69693CE5247D012A00E87133 /* ImagesTableViewCell.swift in Sources */,
				6972E43324BEAF7E00479E91 /* UIColor+Extension.swift in Sources */,
				692D982222FE9E890032514D /* ExerciseDetailTableViewCell.swift in Sources */,
				6972E3E3249F22B100479E91 /* UITableView+Extension.swift in Sources */,
				69C1BCC7245D570800D23556 /* ExercisePreviewViewController.swift in Sources */,
				6972E3F8249F254800479E91 /* ImageType.swift in Sources */,
				695D4BFF22D30AFE00E3FB1F /* StopwatchViewController.swift in Sources */,
				6972E417249F2A9D00479E91 /* SessionsCollectionViewCellDelegate.swift in Sources */,
				6972E425249F2D4A00479E91 /* StartSessionButtonDelegate.swift in Sources */,
				6972E3EE249F237C00479E91 /* CornerStyle.swift in Sources */,
				6972E423249F2CF100479E91 /* SessionHeaderViewModel.swift in Sources */,
				69DAD821247E01580023E967 /* TextViewTableViewCell.swift in Sources */,
				6963D8B024961990003A359C /* ExercisesHeaderFooterView.swift in Sources */,
				6972E3F0249F244200479E91 /* PresentationStyle.swift in Sources */,
				695070932497522400942078 /* Session.swift in Sources */,
				6972E3CF249F1FE600479E91 /* DimmedViewDelegate.swift in Sources */,
				69507099249752A300942078 /* ExercisesList.swift in Sources */,
				69A39B2724C821F900ECEA25 /* OnboardingPageViewController.swift in Sources */,
				6972E415249F2A7400479E91 /* MultipleSelectionTableViewCellDelegate.swift in Sources */,
				695E66B424C52E90004C06A4 /* TwoLabelsTableViewCell.swift in Sources */,
				69488E1D236F82D000C3A04C /* CreateEditSessionTableViewController.swift in Sources */,
				6972E3E1249F225200479E91 /* UIViewController+Extension.swift in Sources */,
				69E3B47D249B331800E4DD99 /* NotificationHelper.swift in Sources */,
				69659C0924039C680054F655 /* AlertViewController.swift in Sources */,
				69477B7E2454F73000FB6F73 /* ExerciseTableViewCell.swift in Sources */,
				6972E411249F29E100479E91 /* ExerciseHeaderCellDelegate.swift in Sources */,
				69E3B482249F03D500E4DD99 /* ExerciseDataModelDelegate.swift in Sources */,
				691D5F4D23D0272200DB9D4E /* CircleProgressView.swift in Sources */,
				6972E3FC249F25A100479E91 /* Transform.swift in Sources */,
				6972E41B249F2AF800479E91 /* TextFieldTableViewCellDelegate.swift in Sources */,
				6972E3E5249F22C500479E91 /* UICollectionView+Extension.swift in Sources */,
				69A7392324CAB69E00AAD965 /* OnboardingPage.swift in Sources */,
				6972E406249F276A00479E91 /* UpdateDelegate.swift in Sources */,
				6972E3DA249F215400479E91 /* Notification+Extension.swift in Sources */,
				6972E3F2249F246E00479E91 /* ExerciseState.swift in Sources */,
				6972E3DD249F21E700479E91 /* UIView+Extension.swift in Sources */,
				6972E408249F288100479E91 /* ImagesTableViewCellDelegate.swift in Sources */,
				69693CE9247D07CF00E87133 /* SelectionCollectionViewCell.swift in Sources */,
				6972E43724BEB26400479E91 /* ToggleButton.swift in Sources */,
				6972E41D249F2B5600479E91 /* TextViewTableViewCellDelegate.swift in Sources */,
				69693CED247DF30300E87133 /* LabelTableViewCell.swift in Sources */,
				693E45D5237D1BF400ED8EC1 /* SessionPreviewViewController.swift in Sources */,
				69DAD81D247DF59E0023E967 /* ButtonTableViewCell.swift in Sources */,
				6972E413249F2A0000479E91 /* ExerciseHeaderTableViewCellModel.swift in Sources */,
				6929673D22F77DC200832C68 /* CustomButton.swift in Sources */,
				695070972497528200942078 /* Exercise.swift in Sources */,
				69695699245013C3007FADC2 /* StartSessionTableViewController.swift in Sources */,
				695070952497525E00942078 /* SessionsList.swift in Sources */,
				695D4BE322CB28B800E3FB1F /* AppDelegate.swift in Sources */,
				6972E400249F26D100479E91 /* SetAlphaDelegate.swift in Sources */,
				6972E404249F273F00479E91 /* RestTimerDelegate.swift in Sources */,
				6972E3E9249F22FF00479E91 /* UIFont+Extension.swift in Sources */,
				6972E3CB249F1FB200479E91 /* SessionStateConstraintsUpdating.swift in Sources */,
				6972E42C249F2EBF00479E91 /* SessionDetailType.swift in Sources */,
				6972E3D8249F213900479E91 /* String+Extension.swift in Sources */,
				69F8ED7123E9391800600BBA /* ExerciseDataModel.swift in Sources */,
				6972E43124B59D7000479E91 /* ActivityIndicatorView.swift in Sources */,
				6972E40A249F28AB00479E91 /* ButtonTableViewCellDelegate.swift in Sources */,
				6972E3CD249F1FC600479E91 /* ViewAdding.swift in Sources */,
				6972E3EC249F236700479E91 /* ShadowDirection.swift in Sources */,
				6972E3C9249F1F8900479E91 /* SessionProgressObserving.swift in Sources */,
				69A7392124CAA37A00AAD965 /* OnboardingViewController.swift in Sources */,
				6972E428249F2E1A00479E91 /* UserDefaultKeys.swift in Sources */,
				6957605024BED49100A97F09 /* WeightType.swift in Sources */,
				6972E3DF249F223000479E91 /* CALayer+Extension.swift in Sources */,
				69A7392524CABE3600AAD965 /* User.swift in Sources */,
				69693CEB247D087A00E87133 /* MultipleSelectionTableViewCell.swift in Sources */,
				6972E3F4249F24A800479E91 /* SessionState.swift in Sources */,
				6972E43524BEB03800479E91 /* TimeInterval+Extension.swift in Sources */,
				6972E40C249F28DE00479E91 /* ExerciseTableViewCellDelegate.swift in Sources */,
				6962F35E244410AA00CB6DAE /* SessionsCollectionViewController.swift in Sources */,
				6972E3C7249F1F5C00479E91 /* ApplicationStateObserving.swift in Sources */,
				6972E40F249F29AC00479E91 /* ExerciseDetailTableViewCellModel.swift in Sources */,
				695D4C0522D4508C00E3FB1F /* SessionDataModel.swift in Sources */,
				6972E419249F2ABC00479E91 /* SessionsCollectionViewCellModel.swift in Sources */,
			);
			runOnlyForDeploymentPostprocessing = 0;
		};
/* End PBXSourcesBuildPhase section */

/* Begin PBXVariantGroup section */
		695D4BEB22CB28B800E3FB1F /* LaunchScreen.storyboard */ = {
			isa = PBXVariantGroup;
			children = (
				695D4BEC22CB28B800E3FB1F /* Base */,
			);
			name = LaunchScreen.storyboard;
			sourceTree = "<group>";
		};
/* End PBXVariantGroup section */

/* Begin XCBuildConfiguration section */
		695D4BEF22CB28B800E3FB1F /* Debug */ = {
			isa = XCBuildConfiguration;
			buildSettings = {
				ALWAYS_SEARCH_USER_PATHS = NO;
				CLANG_ANALYZER_NONNULL = YES;
				CLANG_ANALYZER_NUMBER_OBJECT_CONVERSION = YES_AGGRESSIVE;
				CLANG_CXX_LANGUAGE_STANDARD = "gnu++14";
				CLANG_CXX_LIBRARY = "libc++";
				CLANG_ENABLE_MODULES = YES;
				CLANG_ENABLE_OBJC_ARC = YES;
				CLANG_ENABLE_OBJC_WEAK = YES;
				CLANG_WARN_BLOCK_CAPTURE_AUTORELEASING = YES;
				CLANG_WARN_BOOL_CONVERSION = YES;
				CLANG_WARN_COMMA = YES;
				CLANG_WARN_CONSTANT_CONVERSION = YES;
				CLANG_WARN_DEPRECATED_OBJC_IMPLEMENTATIONS = YES;
				CLANG_WARN_DIRECT_OBJC_ISA_USAGE = YES_ERROR;
				CLANG_WARN_DOCUMENTATION_COMMENTS = YES;
				CLANG_WARN_EMPTY_BODY = YES;
				CLANG_WARN_ENUM_CONVERSION = YES;
				CLANG_WARN_INFINITE_RECURSION = YES;
				CLANG_WARN_INT_CONVERSION = YES;
				CLANG_WARN_NON_LITERAL_NULL_CONVERSION = YES;
				CLANG_WARN_OBJC_IMPLICIT_RETAIN_SELF = YES;
				CLANG_WARN_OBJC_LITERAL_CONVERSION = YES;
				CLANG_WARN_OBJC_ROOT_CLASS = YES_ERROR;
				CLANG_WARN_RANGE_LOOP_ANALYSIS = YES;
				CLANG_WARN_STRICT_PROTOTYPES = YES;
				CLANG_WARN_SUSPICIOUS_MOVE = YES;
				CLANG_WARN_UNGUARDED_AVAILABILITY = YES_AGGRESSIVE;
				CLANG_WARN_UNREACHABLE_CODE = YES;
				CLANG_WARN__DUPLICATE_METHOD_MATCH = YES;
				CODE_SIGN_IDENTITY = "iPhone Developer";
				COPY_PHASE_STRIP = NO;
				DEBUG_INFORMATION_FORMAT = dwarf;
				ENABLE_STRICT_OBJC_MSGSEND = YES;
				ENABLE_TESTABILITY = YES;
				GCC_C_LANGUAGE_STANDARD = gnu11;
				GCC_DYNAMIC_NO_PIC = NO;
				GCC_NO_COMMON_BLOCKS = YES;
				GCC_OPTIMIZATION_LEVEL = 0;
				GCC_PREPROCESSOR_DEFINITIONS = (
					"DEBUG=1",
					"$(inherited)",
				);
				GCC_WARN_64_TO_32_BIT_CONVERSION = YES;
				GCC_WARN_ABOUT_RETURN_TYPE = YES_ERROR;
				GCC_WARN_UNDECLARED_SELECTOR = YES;
				GCC_WARN_UNINITIALIZED_AUTOS = YES_AGGRESSIVE;
				GCC_WARN_UNUSED_FUNCTION = YES;
				GCC_WARN_UNUSED_VARIABLE = YES;
				IPHONEOS_DEPLOYMENT_TARGET = 12.2;
				MTL_ENABLE_DEBUG_INFO = INCLUDE_SOURCE;
				MTL_FAST_MATH = YES;
				ONLY_ACTIVE_ARCH = YES;
				SDKROOT = iphoneos;
				SWIFT_ACTIVE_COMPILATION_CONDITIONS = DEBUG;
				SWIFT_OPTIMIZATION_LEVEL = "-Onone";
			};
			name = Debug;
		};
		695D4BF022CB28B800E3FB1F /* Release */ = {
			isa = XCBuildConfiguration;
			buildSettings = {
				ALWAYS_SEARCH_USER_PATHS = NO;
				CLANG_ANALYZER_NONNULL = YES;
				CLANG_ANALYZER_NUMBER_OBJECT_CONVERSION = YES_AGGRESSIVE;
				CLANG_CXX_LANGUAGE_STANDARD = "gnu++14";
				CLANG_CXX_LIBRARY = "libc++";
				CLANG_ENABLE_MODULES = YES;
				CLANG_ENABLE_OBJC_ARC = YES;
				CLANG_ENABLE_OBJC_WEAK = YES;
				CLANG_WARN_BLOCK_CAPTURE_AUTORELEASING = YES;
				CLANG_WARN_BOOL_CONVERSION = YES;
				CLANG_WARN_COMMA = YES;
				CLANG_WARN_CONSTANT_CONVERSION = YES;
				CLANG_WARN_DEPRECATED_OBJC_IMPLEMENTATIONS = YES;
				CLANG_WARN_DIRECT_OBJC_ISA_USAGE = YES_ERROR;
				CLANG_WARN_DOCUMENTATION_COMMENTS = YES;
				CLANG_WARN_EMPTY_BODY = YES;
				CLANG_WARN_ENUM_CONVERSION = YES;
				CLANG_WARN_INFINITE_RECURSION = YES;
				CLANG_WARN_INT_CONVERSION = YES;
				CLANG_WARN_NON_LITERAL_NULL_CONVERSION = YES;
				CLANG_WARN_OBJC_IMPLICIT_RETAIN_SELF = YES;
				CLANG_WARN_OBJC_LITERAL_CONVERSION = YES;
				CLANG_WARN_OBJC_ROOT_CLASS = YES_ERROR;
				CLANG_WARN_RANGE_LOOP_ANALYSIS = YES;
				CLANG_WARN_STRICT_PROTOTYPES = YES;
				CLANG_WARN_SUSPICIOUS_MOVE = YES;
				CLANG_WARN_UNGUARDED_AVAILABILITY = YES_AGGRESSIVE;
				CLANG_WARN_UNREACHABLE_CODE = YES;
				CLANG_WARN__DUPLICATE_METHOD_MATCH = YES;
				CODE_SIGN_IDENTITY = "iPhone Developer";
				COPY_PHASE_STRIP = NO;
				DEBUG_INFORMATION_FORMAT = "dwarf-with-dsym";
				ENABLE_NS_ASSERTIONS = NO;
				ENABLE_STRICT_OBJC_MSGSEND = YES;
				GCC_C_LANGUAGE_STANDARD = gnu11;
				GCC_NO_COMMON_BLOCKS = YES;
				GCC_WARN_64_TO_32_BIT_CONVERSION = YES;
				GCC_WARN_ABOUT_RETURN_TYPE = YES_ERROR;
				GCC_WARN_UNDECLARED_SELECTOR = YES;
				GCC_WARN_UNINITIALIZED_AUTOS = YES_AGGRESSIVE;
				GCC_WARN_UNUSED_FUNCTION = YES;
				GCC_WARN_UNUSED_VARIABLE = YES;
				IPHONEOS_DEPLOYMENT_TARGET = 12.2;
				MTL_ENABLE_DEBUG_INFO = NO;
				MTL_FAST_MATH = YES;
				SDKROOT = iphoneos;
				SWIFT_COMPILATION_MODE = wholemodule;
				SWIFT_OPTIMIZATION_LEVEL = "-O";
				VALIDATE_PRODUCT = YES;
			};
			name = Release;
		};
		695D4BF222CB28B800E3FB1F /* Debug */ = {
			isa = XCBuildConfiguration;
			baseConfigurationReference = 0760852446B766F739525C2A /* Pods-Gymbo.debug.xcconfig */;
			buildSettings = {
				ASSETCATALOG_COMPILER_APPICON_NAME = AppIcon;
				CODE_SIGN_STYLE = Automatic;
				DEVELOPMENT_TEAM = W3TQD9VLAQ;
				INFOPLIST_FILE = Gymbo/Info.plist;
				IPHONEOS_DEPLOYMENT_TARGET = 12.0;
				LD_RUNPATH_SEARCH_PATHS = (
					"$(inherited)",
					"@executable_path/Frameworks",
				);
				MARKETING_VERSION = 1.1.0;
				PRODUCT_BUNDLE_IDENTIFIER = com.rohansharma.gymbo;
				PRODUCT_NAME = "$(TARGET_NAME)";
				SWIFT_VERSION = 5.0;
				TARGETED_DEVICE_FAMILY = 1;
			};
			name = Debug;
		};
		695D4BF322CB28B800E3FB1F /* Release */ = {
			isa = XCBuildConfiguration;
			baseConfigurationReference = FB31E3CEBC89B2BDC6ABC199 /* Pods-Gymbo.release.xcconfig */;
			buildSettings = {
				ASSETCATALOG_COMPILER_APPICON_NAME = AppIcon;
				CODE_SIGN_STYLE = Automatic;
				DEVELOPMENT_TEAM = W3TQD9VLAQ;
				INFOPLIST_FILE = Gymbo/Info.plist;
				IPHONEOS_DEPLOYMENT_TARGET = 12.0;
				LD_RUNPATH_SEARCH_PATHS = (
					"$(inherited)",
					"@executable_path/Frameworks",
				);
				MARKETING_VERSION = 1.1.0;
				PRODUCT_BUNDLE_IDENTIFIER = com.rohansharma.gymbo;
				PRODUCT_NAME = "$(TARGET_NAME)";
				SWIFT_VERSION = 5.0;
				TARGETED_DEVICE_FAMILY = 1;
			};
			name = Release;
		};
/* End XCBuildConfiguration section */

/* Begin XCConfigurationList section */
		695D4BDA22CB28B800E3FB1F /* Build configuration list for PBXProject "Gymbo" */ = {
			isa = XCConfigurationList;
			buildConfigurations = (
				695D4BEF22CB28B800E3FB1F /* Debug */,
				695D4BF022CB28B800E3FB1F /* Release */,
			);
			defaultConfigurationIsVisible = 0;
			defaultConfigurationName = Release;
		};
		695D4BF122CB28B800E3FB1F /* Build configuration list for PBXNativeTarget "Gymbo" */ = {
			isa = XCConfigurationList;
			buildConfigurations = (
				695D4BF222CB28B800E3FB1F /* Debug */,
				695D4BF322CB28B800E3FB1F /* Release */,
			);
			defaultConfigurationIsVisible = 0;
			defaultConfigurationName = Release;
		};
/* End XCConfigurationList section */
	};
	rootObject = 695D4BD722CB28B800E3FB1F /* Project object */;
}
